// !$*UTF8*$!
{
	archiveVersion = 1;
	classes = {
	};
	objectVersion = 56;
	objects = {

/* Begin PBXBuildFile section */
		2C4C952D2B05133700142FCD /* ResQeatsIOSApp.swift in Sources */ = {isa = PBXBuildFile; fileRef = 2C4C952C2B05133700142FCD /* ResQeatsIOSApp.swift */; };
		2C4C95312B05133800142FCD /* Assets.xcassets in Resources */ = {isa = PBXBuildFile; fileRef = 2C4C95302B05133800142FCD /* Assets.xcassets */; };
		2C4C95342B05133800142FCD /* Preview Assets.xcassets in Resources */ = {isa = PBXBuildFile; fileRef = 2C4C95332B05133800142FCD /* Preview Assets.xcassets */; };
		2C4C95362B05133800142FCD /* Persistence.swift in Sources */ = {isa = PBXBuildFile; fileRef = 2C4C95352B05133800142FCD /* Persistence.swift */; };
		2C4C95392B05133800142FCD /* ResQeatsIOS.xcdatamodeld in Sources */ = {isa = PBXBuildFile; fileRef = 2C4C95372B05133800142FCD /* ResQeatsIOS.xcdatamodeld */; };
		2C4C95432B05133800142FCD /* ResQeatsIOSTests.swift in Sources */ = {isa = PBXBuildFile; fileRef = 2C4C95422B05133800142FCD /* ResQeatsIOSTests.swift */; };
		2C4C954D2B05133800142FCD /* ResQeatsIOSUITests.swift in Sources */ = {isa = PBXBuildFile; fileRef = 2C4C954C2B05133800142FCD /* ResQeatsIOSUITests.swift */; };
		2C4C954F2B05133800142FCD /* ResQeatsIOSUITestsLaunchTests.swift in Sources */ = {isa = PBXBuildFile; fileRef = 2C4C954E2B05133800142FCD /* ResQeatsIOSUITestsLaunchTests.swift */; };
		2C4C955F2B05159E00142FCD /* MainView.swift in Sources */ = {isa = PBXBuildFile; fileRef = 2C4C955E2B05159E00142FCD /* MainView.swift */; };
/* End PBXBuildFile section */

/* Begin PBXContainerItemProxy section */
		2C4C953F2B05133800142FCD /* PBXContainerItemProxy */ = {
			isa = PBXContainerItemProxy;
			containerPortal = 2C4C95212B05133700142FCD /* Project object */;
			proxyType = 1;
			remoteGlobalIDString = 2C4C95282B05133700142FCD;
			remoteInfo = ResQeatsIOS;
		};
		2C4C95492B05133800142FCD /* PBXContainerItemProxy */ = {
			isa = PBXContainerItemProxy;
			containerPortal = 2C4C95212B05133700142FCD /* Project object */;
			proxyType = 1;
			remoteGlobalIDString = 2C4C95282B05133700142FCD;
			remoteInfo = ResQeatsIOS;
		};
/* End PBXContainerItemProxy section */

/* Begin PBXFileReference section */
		2C4C95292B05133700142FCD /* ResQeatsIOS.app */ = {isa = PBXFileReference; explicitFileType = wrapper.application; includeInIndex = 0; path = ResQeatsIOS.app; sourceTree = BUILT_PRODUCTS_DIR; };
		2C4C952C2B05133700142FCD /* ResQeatsIOSApp.swift */ = {isa = PBXFileReference; lastKnownFileType = sourcecode.swift; path = ResQeatsIOSApp.swift; sourceTree = "<group>"; };
		2C4C95302B05133800142FCD /* Assets.xcassets */ = {isa = PBXFileReference; lastKnownFileType = folder.assetcatalog; path = Assets.xcassets; sourceTree = "<group>"; };
		2C4C95332B05133800142FCD /* Preview Assets.xcassets */ = {isa = PBXFileReference; lastKnownFileType = folder.assetcatalog; path = "Preview Assets.xcassets"; sourceTree = "<group>"; };
		2C4C95352B05133800142FCD /* Persistence.swift */ = {isa = PBXFileReference; lastKnownFileType = sourcecode.swift; path = Persistence.swift; sourceTree = "<group>"; };
		2C4C95382B05133800142FCD /* ResQeatsIOS.xcdatamodel */ = {isa = PBXFileReference; lastKnownFileType = wrapper.xcdatamodel; path = ResQeatsIOS.xcdatamodel; sourceTree = "<group>"; };
		2C4C953E2B05133800142FCD /* ResQeatsIOSTests.xctest */ = {isa = PBXFileReference; explicitFileType = wrapper.cfbundle; includeInIndex = 0; path = ResQeatsIOSTests.xctest; sourceTree = BUILT_PRODUCTS_DIR; };
		2C4C95422B05133800142FCD /* ResQeatsIOSTests.swift */ = {isa = PBXFileReference; lastKnownFileType = sourcecode.swift; path = ResQeatsIOSTests.swift; sourceTree = "<group>"; };
		2C4C95482B05133800142FCD /* ResQeatsIOSUITests.xctest */ = {isa = PBXFileReference; explicitFileType = wrapper.cfbundle; includeInIndex = 0; path = ResQeatsIOSUITests.xctest; sourceTree = BUILT_PRODUCTS_DIR; };
		2C4C954C2B05133800142FCD /* ResQeatsIOSUITests.swift */ = {isa = PBXFileReference; lastKnownFileType = sourcecode.swift; path = ResQeatsIOSUITests.swift; sourceTree = "<group>"; };
		2C4C954E2B05133800142FCD /* ResQeatsIOSUITestsLaunchTests.swift */ = {isa = PBXFileReference; lastKnownFileType = sourcecode.swift; path = ResQeatsIOSUITestsLaunchTests.swift; sourceTree = "<group>"; };
		2C4C955E2B05159E00142FCD /* MainView.swift */ = {isa = PBXFileReference; lastKnownFileType = sourcecode.swift; path = MainView.swift; sourceTree = "<group>"; };
/* End PBXFileReference section */

/* Begin PBXFrameworksBuildPhase section */
		2C4C95262B05133700142FCD /* Frameworks */ = {
			isa = PBXFrameworksBuildPhase;
			buildActionMask = 2147483647;
			files = (
			);
			runOnlyForDeploymentPostprocessing = 0;
		};
		2C4C953B2B05133800142FCD /* Frameworks */ = {
			isa = PBXFrameworksBuildPhase;
			buildActionMask = 2147483647;
			files = (
			);
			runOnlyForDeploymentPostprocessing = 0;
		};
		2C4C95452B05133800142FCD /* Frameworks */ = {
			isa = PBXFrameworksBuildPhase;
			buildActionMask = 2147483647;
			files = (
			);
			runOnlyForDeploymentPostprocessing = 0;
		};
/* End PBXFrameworksBuildPhase section */

/* Begin PBXGroup section */
		2C4C95202B05133700142FCD = {
			isa = PBXGroup;
			children = (
				2C4C952B2B05133700142FCD /* ResQeatsIOS */,
				2C4C95412B05133800142FCD /* ResQeatsIOSTests */,
				2C4C954B2B05133800142FCD /* ResQeatsIOSUITests */,
				2C4C952A2B05133700142FCD /* Products */,
			);
			sourceTree = "<group>";
		};
		2C4C952A2B05133700142FCD /* Products */ = {
			isa = PBXGroup;
			children = (
				2C4C95292B05133700142FCD /* ResQeatsIOS.app */,
				2C4C953E2B05133800142FCD /* ResQeatsIOSTests.xctest */,
				2C4C95482B05133800142FCD /* ResQeatsIOSUITests.xctest */,
			);
			name = Products;
			sourceTree = "<group>";
		};
		2C4C952B2B05133700142FCD /* ResQeatsIOS */ = {
			isa = PBXGroup;
			children = (
				2CBE467B2B067868006556A3 /* Model */,
				2C4C955D2B0513B200142FCD /* ViewModel */,
				2C4C955B2B05138500142FCD /* View */,
				2C4C95302B05133800142FCD /* Assets.xcassets */,
				2C4C95352B05133800142FCD /* Persistence.swift */,
				2C4C95372B05133800142FCD /* ResQeatsIOS.xcdatamodeld */,
				2C4C952C2B05133700142FCD /* ResQeatsIOSApp.swift */,
				2C4C95322B05133800142FCD /* Preview Content */,
			);
			path = ResQeatsIOS;
			sourceTree = "<group>";
		};
		2C4C95322B05133800142FCD /* Preview Content */ = {
			isa = PBXGroup;
			children = (
				2C4C95332B05133800142FCD /* Preview Assets.xcassets */,
			);
			path = "Preview Content";
			sourceTree = "<group>";
		};
		2C4C95412B05133800142FCD /* ResQeatsIOSTests */ = {
			isa = PBXGroup;
			children = (
				2C4C95422B05133800142FCD /* ResQeatsIOSTests.swift */,
			);
			path = ResQeatsIOSTests;
			sourceTree = "<group>";
		};
		2C4C954B2B05133800142FCD /* ResQeatsIOSUITests */ = {
			isa = PBXGroup;
			children = (
				2C4C954C2B05133800142FCD /* ResQeatsIOSUITests.swift */,
				2C4C954E2B05133800142FCD /* ResQeatsIOSUITestsLaunchTests.swift */,
			);
			path = ResQeatsIOSUITests;
			sourceTree = "<group>";
		};
		2C4C955B2B05138500142FCD /* View */ = {
			isa = PBXGroup;
			children = (
				2C4C955E2B05159E00142FCD /* MainView.swift */,
			);
			path = View;
			sourceTree = "<group>";
		};
		2C4C955D2B0513B200142FCD /* ViewModel */ = {
			isa = PBXGroup;
			children = (
			);
			path = ViewModel;
			sourceTree = "<group>";
		};
		2CBE467B2B067868006556A3 /* Model */ = {
			isa = PBXGroup;
			children = (
			);
			path = Model;
			sourceTree = "<group>";
		};
/* End PBXGroup section */

/* Begin PBXNativeTarget section */
		2C4C95282B05133700142FCD /* ResQeatsIOS */ = {
			isa = PBXNativeTarget;
			buildConfigurationList = 2C4C95522B05133800142FCD /* Build configuration list for PBXNativeTarget "ResQeatsIOS" */;
			buildPhases = (
				2C4C95252B05133700142FCD /* Sources */,
				2C4C95262B05133700142FCD /* Frameworks */,
				2C4C95272B05133700142FCD /* Resources */,
			);
			buildRules = (
			);
			dependencies = (
			);
			name = ResQeatsIOS;
			productName = ResQeatsIOS;
			productReference = 2C4C95292B05133700142FCD /* ResQeatsIOS.app */;
			productType = "com.apple.product-type.application";
		};
		2C4C953D2B05133800142FCD /* ResQeatsIOSTests */ = {
			isa = PBXNativeTarget;
			buildConfigurationList = 2C4C95552B05133800142FCD /* Build configuration list for PBXNativeTarget "ResQeatsIOSTests" */;
			buildPhases = (
				2C4C953A2B05133800142FCD /* Sources */,
				2C4C953B2B05133800142FCD /* Frameworks */,
				2C4C953C2B05133800142FCD /* Resources */,
			);
			buildRules = (
			);
			dependencies = (
				2C4C95402B05133800142FCD /* PBXTargetDependency */,
			);
			name = ResQeatsIOSTests;
			productName = ResQeatsIOSTests;
			productReference = 2C4C953E2B05133800142FCD /* ResQeatsIOSTests.xctest */;
			productType = "com.apple.product-type.bundle.unit-test";
		};
		2C4C95472B05133800142FCD /* ResQeatsIOSUITests */ = {
			isa = PBXNativeTarget;
			buildConfigurationList = 2C4C95582B05133800142FCD /* Build configuration list for PBXNativeTarget "ResQeatsIOSUITests" */;
			buildPhases = (
				2C4C95442B05133800142FCD /* Sources */,
				2C4C95452B05133800142FCD /* Frameworks */,
				2C4C95462B05133800142FCD /* Resources */,
			);
			buildRules = (
			);
			dependencies = (
				2C4C954A2B05133800142FCD /* PBXTargetDependency */,
			);
			name = ResQeatsIOSUITests;
			productName = ResQeatsIOSUITests;
			productReference = 2C4C95482B05133800142FCD /* ResQeatsIOSUITests.xctest */;
			productType = "com.apple.product-type.bundle.ui-testing";
		};
/* End PBXNativeTarget section */

/* Begin PBXProject section */
		2C4C95212B05133700142FCD /* Project object */ = {
			isa = PBXProject;
			attributes = {
				BuildIndependentTargetsInParallel = 1;
				LastSwiftUpdateCheck = 1410;
				LastUpgradeCheck = 1410;
				TargetAttributes = {
					2C4C95282B05133700142FCD = {
						CreatedOnToolsVersion = 14.1;
					};
					2C4C953D2B05133800142FCD = {
						CreatedOnToolsVersion = 14.1;
						TestTargetID = 2C4C95282B05133700142FCD;
					};
					2C4C95472B05133800142FCD = {
						CreatedOnToolsVersion = 14.1;
						TestTargetID = 2C4C95282B05133700142FCD;
					};
				};
			};
			buildConfigurationList = 2C4C95242B05133700142FCD /* Build configuration list for PBXProject "ResQeatsIOS" */;
			compatibilityVersion = "Xcode 14.0";
			developmentRegion = en;
			hasScannedForEncodings = 0;
			knownRegions = (
				en,
				Base,
			);
			mainGroup = 2C4C95202B05133700142FCD;
			productRefGroup = 2C4C952A2B05133700142FCD /* Products */;
			projectDirPath = "";
			projectRoot = "";
			targets = (
				2C4C95282B05133700142FCD /* ResQeatsIOS */,
				2C4C953D2B05133800142FCD /* ResQeatsIOSTests */,
				2C4C95472B05133800142FCD /* ResQeatsIOSUITests */,
			);
		};
/* End PBXProject section */

/* Begin PBXResourcesBuildPhase section */
		2C4C95272B05133700142FCD /* Resources */ = {
			isa = PBXResourcesBuildPhase;
			buildActionMask = 2147483647;
			files = (
				2C4C95342B05133800142FCD /* Preview Assets.xcassets in Resources */,
				2C4C95312B05133800142FCD /* Assets.xcassets in Resources */,
			);
			runOnlyForDeploymentPostprocessing = 0;
		};
		2C4C953C2B05133800142FCD /* Resources */ = {
			isa = PBXResourcesBuildPhase;
			buildActionMask = 2147483647;
			files = (
			);
			runOnlyForDeploymentPostprocessing = 0;
		};
		2C4C95462B05133800142FCD /* Resources */ = {
			isa = PBXResourcesBuildPhase;
			buildActionMask = 2147483647;
			files = (
			);
			runOnlyForDeploymentPostprocessing = 0;
		};
/* End PBXResourcesBuildPhase section */

/* Begin PBXSourcesBuildPhase section */
		2C4C95252B05133700142FCD /* Sources */ = {
			isa = PBXSourcesBuildPhase;
			buildActionMask = 2147483647;
			files = (
				2C4C95362B05133800142FCD /* Persistence.swift in Sources */,
				2C4C955F2B05159E00142FCD /* MainView.swift in Sources */,
				2C4C952D2B05133700142FCD /* ResQeatsIOSApp.swift in Sources */,
				2C4C95392B05133800142FCD /* ResQeatsIOS.xcdatamodeld in Sources */,
			);
			runOnlyForDeploymentPostprocessing = 0;
		};
		2C4C953A2B05133800142FCD /* Sources */ = {
			isa = PBXSourcesBuildPhase;
			buildActionMask = 2147483647;
			files = (
				2C4C95432B05133800142FCD /* ResQeatsIOSTests.swift in Sources */,
			);
			runOnlyForDeploymentPostprocessing = 0;
		};
		2C4C95442B05133800142FCD /* Sources */ = {
			isa = PBXSourcesBuildPhase;
			buildActionMask = 2147483647;
			files = (
				2C4C954F2B05133800142FCD /* ResQeatsIOSUITestsLaunchTests.swift in Sources */,
				2C4C954D2B05133800142FCD /* ResQeatsIOSUITests.swift in Sources */,
			);
			runOnlyForDeploymentPostprocessing = 0;
		};
/* End PBXSourcesBuildPhase section */

/* Begin PBXTargetDependency section */
		2C4C95402B05133800142FCD /* PBXTargetDependency */ = {
			isa = PBXTargetDependency;
			target = 2C4C95282B05133700142FCD /* ResQeatsIOS */;
			targetProxy = 2C4C953F2B05133800142FCD /* PBXContainerItemProxy */;
		};
		2C4C954A2B05133800142FCD /* PBXTargetDependency */ = {
			isa = PBXTargetDependency;
			target = 2C4C95282B05133700142FCD /* ResQeatsIOS */;
			targetProxy = 2C4C95492B05133800142FCD /* PBXContainerItemProxy */;
		};
/* End PBXTargetDependency section */

/* Begin XCBuildConfiguration section */
		2C4C95502B05133800142FCD /* Debug */ = {
			isa = XCBuildConfiguration;
			buildSettings = {
				ALWAYS_SEARCH_USER_PATHS = NO;
				CLANG_ANALYZER_NONNULL = YES;
				CLANG_ANALYZER_NUMBER_OBJECT_CONVERSION = YES_AGGRESSIVE;
				CLANG_CXX_LANGUAGE_STANDARD = "gnu++20";
				CLANG_ENABLE_MODULES = YES;
				CLANG_ENABLE_OBJC_ARC = YES;
				CLANG_ENABLE_OBJC_WEAK = YES;
				CLANG_WARN_BLOCK_CAPTURE_AUTORELEASING = YES;
				CLANG_WARN_BOOL_CONVERSION = YES;
				CLANG_WARN_COMMA = YES;
				CLANG_WARN_CONSTANT_CONVERSION = YES;
				CLANG_WARN_DEPRECATED_OBJC_IMPLEMENTATIONS = YES;
				CLANG_WARN_DIRECT_OBJC_ISA_USAGE = YES_ERROR;
				CLANG_WARN_DOCUMENTATION_COMMENTS = YES;
				CLANG_WARN_EMPTY_BODY = YES;
				CLANG_WARN_ENUM_CONVERSION = YES;
				CLANG_WARN_INFINITE_RECURSION = YES;
				CLANG_WARN_INT_CONVERSION = YES;
				CLANG_WARN_NON_LITERAL_NULL_CONVERSION = YES;
				CLANG_WARN_OBJC_IMPLICIT_RETAIN_SELF = YES;
				CLANG_WARN_OBJC_LITERAL_CONVERSION = YES;
				CLANG_WARN_OBJC_ROOT_CLASS = YES_ERROR;
				CLANG_WARN_QUOTED_INCLUDE_IN_FRAMEWORK_HEADER = YES;
				CLANG_WARN_RANGE_LOOP_ANALYSIS = YES;
				CLANG_WARN_STRICT_PROTOTYPES = YES;
				CLANG_WARN_SUSPICIOUS_MOVE = YES;
				CLANG_WARN_UNGUARDED_AVAILABILITY = YES_AGGRESSIVE;
				CLANG_WARN_UNREACHABLE_CODE = YES;
				CLANG_WARN__DUPLICATE_METHOD_MATCH = YES;
				COPY_PHASE_STRIP = NO;
				DEBUG_INFORMATION_FORMAT = dwarf;
				ENABLE_STRICT_OBJC_MSGSEND = YES;
				ENABLE_TESTABILITY = YES;
				GCC_C_LANGUAGE_STANDARD = gnu11;
				GCC_DYNAMIC_NO_PIC = NO;
				GCC_NO_COMMON_BLOCKS = YES;
				GCC_OPTIMIZATION_LEVEL = 0;
				GCC_PREPROCESSOR_DEFINITIONS = (
					"DEBUG=1",
					"$(inherited)",
				);
				GCC_WARN_64_TO_32_BIT_CONVERSION = YES;
				GCC_WARN_ABOUT_RETURN_TYPE = YES_ERROR;
				GCC_WARN_UNDECLARED_SELECTOR = YES;
				GCC_WARN_UNINITIALIZED_AUTOS = YES_AGGRESSIVE;
				GCC_WARN_UNUSED_FUNCTION = YES;
				GCC_WARN_UNUSED_VARIABLE = YES;
				IPHONEOS_DEPLOYMENT_TARGET = 16.1;
				MTL_ENABLE_DEBUG_INFO = INCLUDE_SOURCE;
				MTL_FAST_MATH = YES;
				ONLY_ACTIVE_ARCH = YES;
				SDKROOT = iphoneos;
				SWIFT_ACTIVE_COMPILATION_CONDITIONS = DEBUG;
				SWIFT_OPTIMIZATION_LEVEL = "-Onone";
			};
			name = Debug;
		};
		2C4C95512B05133800142FCD /* Release */ = {
			isa = XCBuildConfiguration;
			buildSettings = {
				ALWAYS_SEARCH_USER_PATHS = NO;
				CLANG_ANALYZER_NONNULL = YES;
				CLANG_ANALYZER_NUMBER_OBJECT_CONVERSION = YES_AGGRESSIVE;
				CLANG_CXX_LANGUAGE_STANDARD = "gnu++20";
				CLANG_ENABLE_MODULES = YES;
				CLANG_ENABLE_OBJC_ARC = YES;
				CLANG_ENABLE_OBJC_WEAK = YES;
				CLANG_WARN_BLOCK_CAPTURE_AUTORELEASING = YES;
				CLANG_WARN_BOOL_CONVERSION = YES;
				CLANG_WARN_COMMA = YES;
				CLANG_WARN_CONSTANT_CONVERSION = YES;
				CLANG_WARN_DEPRECATED_OBJC_IMPLEMENTATIONS = YES;
				CLANG_WARN_DIRECT_OBJC_ISA_USAGE = YES_ERROR;
				CLANG_WARN_DOCUMENTATION_COMMENTS = YES;
				CLANG_WARN_EMPTY_BODY = YES;
				CLANG_WARN_ENUM_CONVERSION = YES;
				CLANG_WARN_INFINITE_RECURSION = YES;
				CLANG_WARN_INT_CONVERSION = YES;
				CLANG_WARN_NON_LITERAL_NULL_CONVERSION = YES;
				CLANG_WARN_OBJC_IMPLICIT_RETAIN_SELF = YES;
				CLANG_WARN_OBJC_LITERAL_CONVERSION = YES;
				CLANG_WARN_OBJC_ROOT_CLASS = YES_ERROR;
				CLANG_WARN_QUOTED_INCLUDE_IN_FRAMEWORK_HEADER = YES;
				CLANG_WARN_RANGE_LOOP_ANALYSIS = YES;
				CLANG_WARN_STRICT_PROTOTYPES = YES;
				CLANG_WARN_SUSPICIOUS_MOVE = YES;
				CLANG_WARN_UNGUARDED_AVAILABILITY = YES_AGGRESSIVE;
				CLANG_WARN_UNREACHABLE_CODE = YES;
				CLANG_WARN__DUPLICATE_METHOD_MATCH = YES;
				COPY_PHASE_STRIP = NO;
				DEBUG_INFORMATION_FORMAT = "dwarf-with-dsym";
				ENABLE_NS_ASSERTIONS = NO;
				ENABLE_STRICT_OBJC_MSGSEND = YES;
				GCC_C_LANGUAGE_STANDARD = gnu11;
				GCC_NO_COMMON_BLOCKS = YES;
				GCC_WARN_64_TO_32_BIT_CONVERSION = YES;
				GCC_WARN_ABOUT_RETURN_TYPE = YES_ERROR;
				GCC_WARN_UNDECLARED_SELECTOR = YES;
				GCC_WARN_UNINITIALIZED_AUTOS = YES_AGGRESSIVE;
				GCC_WARN_UNUSED_FUNCTION = YES;
				GCC_WARN_UNUSED_VARIABLE = YES;
				IPHONEOS_DEPLOYMENT_TARGET = 16.1;
				MTL_ENABLE_DEBUG_INFO = NO;
				MTL_FAST_MATH = YES;
				SDKROOT = iphoneos;
				SWIFT_COMPILATION_MODE = wholemodule;
				SWIFT_OPTIMIZATION_LEVEL = "-O";
				VALIDATE_PRODUCT = YES;
			};
			name = Release;
		};
		2C4C95532B05133800142FCD /* Debug */ = {
			isa = XCBuildConfiguration;
			buildSettings = {
				ASSETCATALOG_COMPILER_APPICON_NAME = AppIcon;
				ASSETCATALOG_COMPILER_GLOBAL_ACCENT_COLOR_NAME = AccentColor;
				CODE_SIGN_STYLE = Automatic;
				CURRENT_PROJECT_VERSION = 1;
				DEVELOPMENT_ASSET_PATHS = "\"ResQeatsIOS/Preview Content\"";
				ENABLE_PREVIEWS = YES;
				GENERATE_INFOPLIST_FILE = YES;
				INFOPLIST_KEY_UIApplicationSceneManifest_Generation = YES;
				INFOPLIST_KEY_UIApplicationSupportsIndirectInputEvents = YES;
				INFOPLIST_KEY_UILaunchScreen_Generation = YES;
				INFOPLIST_KEY_UISupportedInterfaceOrientations_iPad = "UIInterfaceOrientationPortrait UIInterfaceOrientationPortraitUpsideDown UIInterfaceOrientationLandscapeLeft UIInterfaceOrientationLandscapeRight";
				INFOPLIST_KEY_UISupportedInterfaceOrientations_iPhone = "UIInterfaceOrientationPortrait UIInterfaceOrientationLandscapeLeft UIInterfaceOrientationLandscapeRight";
				LD_RUNPATH_SEARCH_PATHS = (
					"$(inherited)",
					"@executable_path/Frameworks",
				);
				MARKETING_VERSION = 1.0;
				PRODUCT_BUNDLE_IDENTIFIER = com.esprit.ResQeatsIOS;
				PRODUCT_NAME = "$(TARGET_NAME)";
				SWIFT_EMIT_LOC_STRINGS = YES;
				SWIFT_VERSION = 5.0;
				TARGETED_DEVICE_FAMILY = "1,2";
			};
			name = Debug;
		};
		2C4C95542B05133800142FCD /* Release */ = {
			isa = XCBuildConfiguration;
			buildSettings = {
				ASSETCATALOG_COMPILER_APPICON_NAME = AppIcon;
				ASSETCATALOG_COMPILER_GLOBAL_ACCENT_COLOR_NAME = AccentColor;
				CODE_SIGN_STYLE = Automatic;
				CURRENT_PROJECT_VERSION = 1;
				DEVELOPMENT_ASSET_PATHS = "\"ResQeatsIOS/Preview Content\"";
				ENABLE_PREVIEWS = YES;
				GENERATE_INFOPLIST_FILE = YES;
				INFOPLIST_KEY_UIApplicationSceneManifest_Generation = YES;
				INFOPLIST_KEY_UIApplicationSupportsIndirectInputEvents = YES;
				INFOPLIST_KEY_UILaunchScreen_Generation = YES;
				INFOPLIST_KEY_UISupportedInterfaceOrientations_iPad = "UIInterfaceOrientationPortrait UIInterfaceOrientationPortraitUpsideDown UIInterfaceOrientationLandscapeLeft UIInterfaceOrientationLandscapeRight";
				INFOPLIST_KEY_UISupportedInterfaceOrientations_iPhone = "UIInterfaceOrientationPortrait UIInterfaceOrientationLandscapeLeft UIInterfaceOrientationLandscapeRight";
				LD_RUNPATH_SEARCH_PATHS = (
					"$(inherited)",
					"@executable_path/Frameworks",
				);
				MARKETING_VERSION = 1.0;
				PRODUCT_BUNDLE_IDENTIFIER = com.esprit.ResQeatsIOS;
				PRODUCT_NAME = "$(TARGET_NAME)";
				SWIFT_EMIT_LOC_STRINGS = YES;
				SWIFT_VERSION = 5.0;
				TARGETED_DEVICE_FAMILY = "1,2";
			};
			name = Release;
		};
		2C4C95562B05133800142FCD /* Debug */ = {
			isa = XCBuildConfiguration;
			buildSettings = {
				ALWAYS_EMBED_SWIFT_STANDARD_LIBRARIES = YES;
				BUNDLE_LOADER = "$(TEST_HOST)";
				CODE_SIGN_STYLE = Automatic;
				CURRENT_PROJECT_VERSION = 1;
				GENERATE_INFOPLIST_FILE = YES;
				IPHONEOS_DEPLOYMENT_TARGET = 16.1;
				MARKETING_VERSION = 1.0;
				PRODUCT_BUNDLE_IDENTIFIER = com.esprit.ResQeatsIOSTests;
				PRODUCT_NAME = "$(TARGET_NAME)";
				SWIFT_EMIT_LOC_STRINGS = NO;
				SWIFT_VERSION = 5.0;
				TARGETED_DEVICE_FAMILY = "1,2";
				TEST_HOST = "$(BUILT_PRODUCTS_DIR)/ResQeatsIOS.app/$(BUNDLE_EXECUTABLE_FOLDER_PATH)/ResQeatsIOS";
			};
			name = Debug;
		};
		2C4C95572B05133800142FCD /* Release */ = {
			isa = XCBuildConfiguration;
			buildSettings = {
				ALWAYS_EMBED_SWIFT_STANDARD_LIBRARIES = YES;
				BUNDLE_LOADER = "$(TEST_HOST)";
				CODE_SIGN_STYLE = Automatic;
				CURRENT_PROJECT_VERSION = 1;
				GENERATE_INFOPLIST_FILE = YES;
				IPHONEOS_DEPLOYMENT_TARGET = 16.1;
				MARKETING_VERSION = 1.0;
				PRODUCT_BUNDLE_IDENTIFIER = com.esprit.ResQeatsIOSTests;
				PRODUCT_NAME = "$(TARGET_NAME)";
				SWIFT_EMIT_LOC_STRINGS = NO;
				SWIFT_VERSION = 5.0;
				TARGETED_DEVICE_FAMILY = "1,2";
				TEST_HOST = "$(BUILT_PRODUCTS_DIR)/ResQeatsIOS.app/$(BUNDLE_EXECUTABLE_FOLDER_PATH)/ResQeatsIOS";
			};
			name = Release;
		};
		2C4C95592B05133800142FCD /* Debug */ = {
			isa = XCBuildConfiguration;
			buildSettings = {
				ALWAYS_EMBED_SWIFT_STANDARD_LIBRARIES = YES;
				CODE_SIGN_STYLE = Automatic;
				CURRENT_PROJECT_VERSION = 1;
				GENERATE_INFOPLIST_FILE = YES;
				MARKETING_VERSION = 1.0;
				PRODUCT_BUNDLE_IDENTIFIER = com.esprit.ResQeatsIOSUITests;
				PRODUCT_NAME = "$(TARGET_NAME)";
				SWIFT_EMIT_LOC_STRINGS = NO;
				SWIFT_VERSION = 5.0;
				TARGETED_DEVICE_FAMILY = "1,2";
				TEST_TARGET_NAME = ResQeatsIOS;
			};
			name = Debug;
		};
		2C4C955A2B05133800142FCD /* Release */ = {
			isa = XCBuildConfiguration;
			buildSettings = {
				ALWAYS_EMBED_SWIFT_STANDARD_LIBRARIES = YES;
				CODE_SIGN_STYLE = Automatic;
				CURRENT_PROJECT_VERSION = 1;
				GENERATE_INFOPLIST_FILE = YES;
				MARKETING_VERSION = 1.0;
				PRODUCT_BUNDLE_IDENTIFIER = com.esprit.ResQeatsIOSUITests;
				PRODUCT_NAME = "$(TARGET_NAME)";
				SWIFT_EMIT_LOC_STRINGS = NO;
				SWIFT_VERSION = 5.0;
				TARGETED_DEVICE_FAMILY = "1,2";
				TEST_TARGET_NAME = ResQeatsIOS;
			};
			name = Release;
		};
/* End XCBuildConfiguration section */

/* Begin XCConfigurationList section */
		2C4C95242B05133700142FCD /* Build configuration list for PBXProject "ResQeatsIOS" */ = {
			isa = XCConfigurationList;
			buildConfigurations = (
				2C4C95502B05133800142FCD /* Debug */,
				2C4C95512B05133800142FCD /* Release */,
			);
			defaultConfigurationIsVisible = 0;
			defaultConfigurationName = Release;
		};
		2C4C95522B05133800142FCD /* Build configuration list for PBXNativeTarget "ResQeatsIOS" */ = {
			isa = XCConfigurationList;
			buildConfigurations = (
				2C4C95532B05133800142FCD /* Debug */,
				2C4C95542B05133800142FCD /* Release */,
			);
			defaultConfigurationIsVisible = 0;
			defaultConfigurationName = Release;
		};
		2C4C95552B05133800142FCD /* Build configuration list for PBXNativeTarget "ResQeatsIOSTests" */ = {
			isa = XCConfigurationList;
			buildConfigurations = (
				2C4C95562B05133800142FCD /* Debug */,
				2C4C95572B05133800142FCD /* Release */,
			);
			defaultConfigurationIsVisible = 0;
			defaultConfigurationName = Release;
		};
		2C4C95582B05133800142FCD /* Build configuration list for PBXNativeTarget "ResQeatsIOSUITests" */ = {
			isa = XCConfigurationList;
			buildConfigurations = (
				2C4C95592B05133800142FCD /* Debug */,
				2C4C955A2B05133800142FCD /* Release */,
			);
			defaultConfigurationIsVisible = 0;
			defaultConfigurationName = Release;
		};
/* End XCConfigurationList section */

/* Begin XCVersionGroup section */
		2C4C95372B05133800142FCD /* ResQeatsIOS.xcdatamodeld */ = {
			isa = XCVersionGroup;
			children = (
				2C4C95382B05133800142FCD /* ResQeatsIOS.xcdatamodel */,
			);
			currentVersion = 2C4C95382B05133800142FCD /* ResQeatsIOS.xcdatamodel */;
			path = ResQeatsIOS.xcdatamodeld;
			sourceTree = "<group>";
			versionGroupType = wrapper.xcdatamodel;
		};
/* End XCVersionGroup section */
	};
	rootObject = 2C4C95212B05133700142FCD /* Project object */;
}
