// !$*UTF8*$!
{
	archiveVersion = 1;
	classes = {
	};
	objectVersion = 56;
	objects = {

/* Begin PBXBuildFile section */
		2C4C952D2B05133700142FCD /* ResQeatsIOSApp.swift in Sources */ = {isa = PBXBuildFile; fileRef = 2C4C952C2B05133700142FCD /* ResQeatsIOSApp.swift */; };
		2C4C95312B05133800142FCD /* Assets.xcassets in Resources */ = {isa = PBXBuildFile; fileRef = 2C4C95302B05133800142FCD /* Assets.xcassets */; };
		2C4C95342B05133800142FCD /* Preview Assets.xcassets in Resources */ = {isa = PBXBuildFile; fileRef = 2C4C95332B05133800142FCD /* Preview Assets.xcassets */; };
		2C4C95362B05133800142FCD /* Persistence.swift in Sources */ = {isa = PBXBuildFile; fileRef = 2C4C95352B05133800142FCD /* Persistence.swift */; };
		2C4C95392B05133800142FCD /* ResQeatsIOS.xcdatamodeld in Sources */ = {isa = PBXBuildFile; fileRef = 2C4C95372B05133800142FCD /* ResQeatsIOS.xcdatamodeld */; };
		2C4C95432B05133800142FCD /* ResQeatsIOSTests.swift in Sources */ = {isa = PBXBuildFile; fileRef = 2C4C95422B05133800142FCD /* ResQeatsIOSTests.swift */; };
		2C4C954D2B05133800142FCD /* ResQeatsIOSUITests.swift in Sources */ = {isa = PBXBuildFile; fileRef = 2C4C954C2B05133800142FCD /* ResQeatsIOSUITests.swift */; };
		2C4C954F2B05133800142FCD /* ResQeatsIOSUITestsLaunchTests.swift in Sources */ = {isa = PBXBuildFile; fileRef = 2C4C954E2B05133800142FCD /* ResQeatsIOSUITestsLaunchTests.swift */; };
		2C7AEC7C2B0F83790064B5C4 /* BakeryView.swift in Sources */ = {isa = PBXBuildFile; fileRef = 2C7AEC7B2B0F83790064B5C4 /* BakeryView.swift */; };
		2C7AEC812B0F87D60064B5C4 /* ClientView.swift in Sources */ = {isa = PBXBuildFile; fileRef = 2C7AEC7D2B0F87D60064B5C4 /* ClientView.swift */; };
		2C7AEC822B0F87D60064B5C4 /* HomeScreen.swift in Sources */ = {isa = PBXBuildFile; fileRef = 2C7AEC7E2B0F87D60064B5C4 /* HomeScreen.swift */; };
		2C7AEC832B0F87D60064B5C4 /* RestaurantOffers.swift in Sources */ = {isa = PBXBuildFile; fileRef = 2C7AEC7F2B0F87D60064B5C4 /* RestaurantOffers.swift */; };
		2C7AEC842B0F87D60064B5C4 /* DetailScreen.swift in Sources */ = {isa = PBXBuildFile; fileRef = 2C7AEC802B0F87D60064B5C4 /* DetailScreen.swift */; };
		2C7AEC8A2B0F884F0064B5C4 /* FoodCartView.swift in Sources */ = {isa = PBXBuildFile; fileRef = 2C7AEC862B0F884F0064B5C4 /* FoodCartView.swift */; };
		2C7AEC8B2B0F884F0064B5C4 /* PaymentButton.swift in Sources */ = {isa = PBXBuildFile; fileRef = 2C7AEC872B0F884F0064B5C4 /* PaymentButton.swift */; };
		2C7AEC8C2B0F884F0064B5C4 /* FoodCartButton.swift in Sources */ = {isa = PBXBuildFile; fileRef = 2C7AEC882B0F884F0064B5C4 /* FoodCartButton.swift */; };
		2C7AEC8D2B0F884F0064B5C4 /* FoodOfferRow.swift in Sources */ = {isa = PBXBuildFile; fileRef = 2C7AEC892B0F884F0064B5C4 /* FoodOfferRow.swift */; };
		2C7AEC972B0F8AFD0064B5C4 /* RestaurantCardView.swift in Sources */ = {isa = PBXBuildFile; fileRef = 2C7AEC902B0F8AFD0064B5C4 /* RestaurantCardView.swift */; };
		2C7AEC982B0F8AFD0064B5C4 /* FoodDetail.swift in Sources */ = {isa = PBXBuildFile; fileRef = 2C7AEC912B0F8AFD0064B5C4 /* FoodDetail.swift */; };
		2C7AEC992B0F8AFD0064B5C4 /* TabBarClient.swift in Sources */ = {isa = PBXBuildFile; fileRef = 2C7AEC922B0F8AFD0064B5C4 /* TabBarClient.swift */; };
		2C7AEC9A2B0F8AFD0064B5C4 /* DetailRestaurantView.swift in Sources */ = {isa = PBXBuildFile; fileRef = 2C7AEC932B0F8AFD0064B5C4 /* DetailRestaurantView.swift */; };
		2C7AEC9B2B0F8AFD0064B5C4 /* ProdcutCardView.swift in Sources */ = {isa = PBXBuildFile; fileRef = 2C7AEC942B0F8AFD0064B5C4 /* ProdcutCardView.swift */; };
		2C7AEC9C2B0F8AFD0064B5C4 /* ProductView.swift in Sources */ = {isa = PBXBuildFile; fileRef = 2C7AEC952B0F8AFD0064B5C4 /* ProductView.swift */; };
		2C7AEC9D2B0F8AFD0064B5C4 /* HomeScreen2View.swift in Sources */ = {isa = PBXBuildFile; fileRef = 2C7AEC962B0F8AFD0064B5C4 /* HomeScreen2View.swift */; };
		2C7AECA02B0F8B310064B5C4 /* ClientOrderDetailView.swift in Sources */ = {isa = PBXBuildFile; fileRef = 2C7AEC9E2B0F8B310064B5C4 /* ClientOrderDetailView.swift */; };
		2C7AECA12B0F8B310064B5C4 /* ClientOrderView.swift in Sources */ = {isa = PBXBuildFile; fileRef = 2C7AEC9F2B0F8B310064B5C4 /* ClientOrderView.swift */; };
		2C7AECAD2B0F8CE30064B5C4 /* ProductCardSupplier.swift in Sources */ = {isa = PBXBuildFile; fileRef = 2C7AECA22B0F8CE30064B5C4 /* ProductCardSupplier.swift */; };
		2C7AECAE2B0F8CE30064B5C4 /* SupplierView.swift in Sources */ = {isa = PBXBuildFile; fileRef = 2C7AECA32B0F8CE30064B5C4 /* SupplierView.swift */; };
		2C7AECAF2B0F8CE30064B5C4 /* SupplierNewOfferView.swift in Sources */ = {isa = PBXBuildFile; fileRef = 2C7AECA42B0F8CE30064B5C4 /* SupplierNewOfferView.swift */; };
		2C7AECB02B0F8CE30064B5C4 /* ProductSupplierView.swift in Sources */ = {isa = PBXBuildFile; fileRef = 2C7AECA52B0F8CE30064B5C4 /* ProductSupplierView.swift */; };
		2C7AECB12B0F8CE30064B5C4 /* AddOfferView.swift in Sources */ = {isa = PBXBuildFile; fileRef = 2C7AECA62B0F8CE30064B5C4 /* AddOfferView.swift */; };
		2C7AECB22B0F8CE30064B5C4 /* TabBarSupplier.swift in Sources */ = {isa = PBXBuildFile; fileRef = 2C7AECA72B0F8CE30064B5C4 /* TabBarSupplier.swift */; };
		2C7AECB32B0F8CE30064B5C4 /* SettingsView.swift in Sources */ = {isa = PBXBuildFile; fileRef = 2C7AECA82B0F8CE30064B5C4 /* SettingsView.swift */; };
		2C7AECB42B0F8CE30064B5C4 /* SupplierDonnationView.swift in Sources */ = {isa = PBXBuildFile; fileRef = 2C7AECA92B0F8CE30064B5C4 /* SupplierDonnationView.swift */; };
		2C7AECB52B0F8CE30064B5C4 /* SupplierOrderView.swift in Sources */ = {isa = PBXBuildFile; fileRef = 2C7AECAA2B0F8CE30064B5C4 /* SupplierOrderView.swift */; };
		2C7AECB62B0F8CE30064B5C4 /* SupplierOderDetailView.swift in Sources */ = {isa = PBXBuildFile; fileRef = 2C7AECAB2B0F8CE30064B5C4 /* SupplierOderDetailView.swift */; };
		2C7AECB72B0F8CE30064B5C4 /* SupplierHomeView.swift in Sources */ = {isa = PBXBuildFile; fileRef = 2C7AECAC2B0F8CE30064B5C4 /* SupplierHomeView.swift */; };
		2CD2C1AC2B0E7D83000151D0 /* OrderViewModel.swift in Sources */ = {isa = PBXBuildFile; fileRef = 2CD2C1A72B0E7D83000151D0 /* OrderViewModel.swift */; };
		2CD2C1AD2B0E7D83000151D0 /* CartManager.swift in Sources */ = {isa = PBXBuildFile; fileRef = 2CD2C1A82B0E7D83000151D0 /* CartManager.swift */; };
		2CD2C1AE2B0E7D83000151D0 /* ProductViewModel.swift in Sources */ = {isa = PBXBuildFile; fileRef = 2CD2C1A92B0E7D83000151D0 /* ProductViewModel.swift */; };
		2CD2C1AF2B0E7D83000151D0 /* PaymentHandler.swift in Sources */ = {isa = PBXBuildFile; fileRef = 2CD2C1AA2B0E7D83000151D0 /* PaymentHandler.swift */; };
		2CD2C1B02B0E7D83000151D0 /* RestaurantViewModel.swift in Sources */ = {isa = PBXBuildFile; fileRef = 2CD2C1AB2B0E7D83000151D0 /* RestaurantViewModel.swift */; };
		2CD2C1B82B0E7DC2000151D0 /* Order.swift in Sources */ = {isa = PBXBuildFile; fileRef = 2CD2C1B12B0E7DC2000151D0 /* Order.swift */; };
		2CD2C1B92B0E7DC2000151D0 /* ImagePicker.swift in Sources */ = {isa = PBXBuildFile; fileRef = 2CD2C1B22B0E7DC2000151D0 /* ImagePicker.swift */; };
		2CD2C1BA2B0E7DC2000151D0 /* Bakery.swift in Sources */ = {isa = PBXBuildFile; fileRef = 2CD2C1B32B0E7DC2000151D0 /* Bakery.swift */; };
		2CD2C1BB2B0E7DC2000151D0 /* Restaurant.swift in Sources */ = {isa = PBXBuildFile; fileRef = 2CD2C1B42B0E7DC2000151D0 /* Restaurant.swift */; };
		2CD2C1BC2B0E7DC2000151D0 /* Prodcut.swift in Sources */ = {isa = PBXBuildFile; fileRef = 2CD2C1B52B0E7DC2000151D0 /* Prodcut.swift */; };
		2CD2C1BD2B0E7DC2000151D0 /* FoodOffer.swift in Sources */ = {isa = PBXBuildFile; fileRef = 2CD2C1B62B0E7DC2000151D0 /* FoodOffer.swift */; };
		2CD2C1BE2B0E7DC2000151D0 /* FoodCategory.swift in Sources */ = {isa = PBXBuildFile; fileRef = 2CD2C1B72B0E7DC2000151D0 /* FoodCategory.swift */; };
		2CD2C1C02B0E7E78000151D0 /* Restaurant2.swift in Sources */ = {isa = PBXBuildFile; fileRef = 2CD2C1BF2B0E7E78000151D0 /* Restaurant2.swift */; };
/* End PBXBuildFile section */

/* Begin PBXContainerItemProxy section */
		2C4C953F2B05133800142FCD /* PBXContainerItemProxy */ = {
			isa = PBXContainerItemProxy;
			containerPortal = 2C4C95212B05133700142FCD /* Project object */;
			proxyType = 1;
			remoteGlobalIDString = 2C4C95282B05133700142FCD;
			remoteInfo = ResQeatsIOS;
		};
		2C4C95492B05133800142FCD /* PBXContainerItemProxy */ = {
			isa = PBXContainerItemProxy;
			containerPortal = 2C4C95212B05133700142FCD /* Project object */;
			proxyType = 1;
			remoteGlobalIDString = 2C4C95282B05133700142FCD;
			remoteInfo = ResQeatsIOS;
		};
/* End PBXContainerItemProxy section */

/* Begin PBXFileReference section */
		2C4C95292B05133700142FCD /* ResQeatsIOS.app */ = {isa = PBXFileReference; explicitFileType = wrapper.application; includeInIndex = 0; path = ResQeatsIOS.app; sourceTree = BUILT_PRODUCTS_DIR; };
		2C4C952C2B05133700142FCD /* ResQeatsIOSApp.swift */ = {isa = PBXFileReference; lastKnownFileType = sourcecode.swift; path = ResQeatsIOSApp.swift; sourceTree = "<group>"; };
		2C4C95302B05133800142FCD /* Assets.xcassets */ = {isa = PBXFileReference; lastKnownFileType = folder.assetcatalog; path = Assets.xcassets; sourceTree = "<group>"; };
		2C4C95332B05133800142FCD /* Preview Assets.xcassets */ = {isa = PBXFileReference; lastKnownFileType = folder.assetcatalog; path = "Preview Assets.xcassets"; sourceTree = "<group>"; };
		2C4C95352B05133800142FCD /* Persistence.swift */ = {isa = PBXFileReference; lastKnownFileType = sourcecode.swift; path = Persistence.swift; sourceTree = "<group>"; };
		2C4C95382B05133800142FCD /* ResQeatsIOS.xcdatamodel */ = {isa = PBXFileReference; lastKnownFileType = wrapper.xcdatamodel; path = ResQeatsIOS.xcdatamodel; sourceTree = "<group>"; };
		2C4C953E2B05133800142FCD /* ResQeatsIOSTests.xctest */ = {isa = PBXFileReference; explicitFileType = wrapper.cfbundle; includeInIndex = 0; path = ResQeatsIOSTests.xctest; sourceTree = BUILT_PRODUCTS_DIR; };
		2C4C95422B05133800142FCD /* ResQeatsIOSTests.swift */ = {isa = PBXFileReference; lastKnownFileType = sourcecode.swift; path = ResQeatsIOSTests.swift; sourceTree = "<group>"; };
		2C4C95482B05133800142FCD /* ResQeatsIOSUITests.xctest */ = {isa = PBXFileReference; explicitFileType = wrapper.cfbundle; includeInIndex = 0; path = ResQeatsIOSUITests.xctest; sourceTree = BUILT_PRODUCTS_DIR; };
		2C4C954C2B05133800142FCD /* ResQeatsIOSUITests.swift */ = {isa = PBXFileReference; lastKnownFileType = sourcecode.swift; path = ResQeatsIOSUITests.swift; sourceTree = "<group>"; };
		2C4C954E2B05133800142FCD /* ResQeatsIOSUITestsLaunchTests.swift */ = {isa = PBXFileReference; lastKnownFileType = sourcecode.swift; path = ResQeatsIOSUITestsLaunchTests.swift; sourceTree = "<group>"; };
		2C7AEC7B2B0F83790064B5C4 /* BakeryView.swift */ = {isa = PBXFileReference; fileEncoding = 4; lastKnownFileType = sourcecode.swift; path = BakeryView.swift; sourceTree = "<group>"; };
		2C7AEC7D2B0F87D60064B5C4 /* ClientView.swift */ = {isa = PBXFileReference; fileEncoding = 4; lastKnownFileType = sourcecode.swift; path = ClientView.swift; sourceTree = "<group>"; };
		2C7AEC7E2B0F87D60064B5C4 /* HomeScreen.swift */ = {isa = PBXFileReference; fileEncoding = 4; lastKnownFileType = sourcecode.swift; path = HomeScreen.swift; sourceTree = "<group>"; };
		2C7AEC7F2B0F87D60064B5C4 /* RestaurantOffers.swift */ = {isa = PBXFileReference; fileEncoding = 4; lastKnownFileType = sourcecode.swift; path = RestaurantOffers.swift; sourceTree = "<group>"; };
		2C7AEC802B0F87D60064B5C4 /* DetailScreen.swift */ = {isa = PBXFileReference; fileEncoding = 4; lastKnownFileType = sourcecode.swift; path = DetailScreen.swift; sourceTree = "<group>"; };
		2C7AEC862B0F884F0064B5C4 /* FoodCartView.swift */ = {isa = PBXFileReference; fileEncoding = 4; lastKnownFileType = sourcecode.swift; path = FoodCartView.swift; sourceTree = "<group>"; };
		2C7AEC872B0F884F0064B5C4 /* PaymentButton.swift */ = {isa = PBXFileReference; fileEncoding = 4; lastKnownFileType = sourcecode.swift; path = PaymentButton.swift; sourceTree = "<group>"; };
		2C7AEC882B0F884F0064B5C4 /* FoodCartButton.swift */ = {isa = PBXFileReference; fileEncoding = 4; lastKnownFileType = sourcecode.swift; path = FoodCartButton.swift; sourceTree = "<group>"; };
		2C7AEC892B0F884F0064B5C4 /* FoodOfferRow.swift */ = {isa = PBXFileReference; fileEncoding = 4; lastKnownFileType = sourcecode.swift; path = FoodOfferRow.swift; sourceTree = "<group>"; };
		2C7AEC902B0F8AFD0064B5C4 /* RestaurantCardView.swift */ = {isa = PBXFileReference; fileEncoding = 4; lastKnownFileType = sourcecode.swift; path = RestaurantCardView.swift; sourceTree = "<group>"; };
		2C7AEC912B0F8AFD0064B5C4 /* FoodDetail.swift */ = {isa = PBXFileReference; fileEncoding = 4; lastKnownFileType = sourcecode.swift; path = FoodDetail.swift; sourceTree = "<group>"; };
		2C7AEC922B0F8AFD0064B5C4 /* TabBarClient.swift */ = {isa = PBXFileReference; fileEncoding = 4; lastKnownFileType = sourcecode.swift; path = TabBarClient.swift; sourceTree = "<group>"; };
		2C7AEC932B0F8AFD0064B5C4 /* DetailRestaurantView.swift */ = {isa = PBXFileReference; fileEncoding = 4; lastKnownFileType = sourcecode.swift; path = DetailRestaurantView.swift; sourceTree = "<group>"; };
		2C7AEC942B0F8AFD0064B5C4 /* ProdcutCardView.swift */ = {isa = PBXFileReference; fileEncoding = 4; lastKnownFileType = sourcecode.swift; path = ProdcutCardView.swift; sourceTree = "<group>"; };
		2C7AEC952B0F8AFD0064B5C4 /* ProductView.swift */ = {isa = PBXFileReference; fileEncoding = 4; lastKnownFileType = sourcecode.swift; path = ProductView.swift; sourceTree = "<group>"; };
		2C7AEC962B0F8AFD0064B5C4 /* HomeScreen2View.swift */ = {isa = PBXFileReference; fileEncoding = 4; lastKnownFileType = sourcecode.swift; path = HomeScreen2View.swift; sourceTree = "<group>"; };
		2C7AEC9E2B0F8B310064B5C4 /* ClientOrderDetailView.swift */ = {isa = PBXFileReference; fileEncoding = 4; lastKnownFileType = sourcecode.swift; path = ClientOrderDetailView.swift; sourceTree = "<group>"; };
		2C7AEC9F2B0F8B310064B5C4 /* ClientOrderView.swift */ = {isa = PBXFileReference; fileEncoding = 4; lastKnownFileType = sourcecode.swift; path = ClientOrderView.swift; sourceTree = "<group>"; };
		2C7AECA22B0F8CE30064B5C4 /* ProductCardSupplier.swift */ = {isa = PBXFileReference; fileEncoding = 4; lastKnownFileType = sourcecode.swift; path = ProductCardSupplier.swift; sourceTree = "<group>"; };
		2C7AECA32B0F8CE30064B5C4 /* SupplierView.swift */ = {isa = PBXFileReference; fileEncoding = 4; lastKnownFileType = sourcecode.swift; path = SupplierView.swift; sourceTree = "<group>"; };
		2C7AECA42B0F8CE30064B5C4 /* SupplierNewOfferView.swift */ = {isa = PBXFileReference; fileEncoding = 4; lastKnownFileType = sourcecode.swift; path = SupplierNewOfferView.swift; sourceTree = "<group>"; };
		2C7AECA52B0F8CE30064B5C4 /* ProductSupplierView.swift */ = {isa = PBXFileReference; fileEncoding = 4; lastKnownFileType = sourcecode.swift; path = ProductSupplierView.swift; sourceTree = "<group>"; };
		2C7AECA62B0F8CE30064B5C4 /* AddOfferView.swift */ = {isa = PBXFileReference; fileEncoding = 4; lastKnownFileType = sourcecode.swift; path = AddOfferView.swift; sourceTree = "<group>"; };
		2C7AECA72B0F8CE30064B5C4 /* TabBarSupplier.swift */ = {isa = PBXFileReference; fileEncoding = 4; lastKnownFileType = sourcecode.swift; path = TabBarSupplier.swift; sourceTree = "<group>"; };
		2C7AECA82B0F8CE30064B5C4 /* SettingsView.swift */ = {isa = PBXFileReference; fileEncoding = 4; lastKnownFileType = sourcecode.swift; path = SettingsView.swift; sourceTree = "<group>"; };
		2C7AECA92B0F8CE30064B5C4 /* SupplierDonnationView.swift */ = {isa = PBXFileReference; fileEncoding = 4; lastKnownFileType = sourcecode.swift; path = SupplierDonnationView.swift; sourceTree = "<group>"; };
		2C7AECAA2B0F8CE30064B5C4 /* SupplierOrderView.swift */ = {isa = PBXFileReference; fileEncoding = 4; lastKnownFileType = sourcecode.swift; path = SupplierOrderView.swift; sourceTree = "<group>"; };
		2C7AECAB2B0F8CE30064B5C4 /* SupplierOderDetailView.swift */ = {isa = PBXFileReference; fileEncoding = 4; lastKnownFileType = sourcecode.swift; path = SupplierOderDetailView.swift; sourceTree = "<group>"; };
		2C7AECAC2B0F8CE30064B5C4 /* SupplierHomeView.swift */ = {isa = PBXFileReference; fileEncoding = 4; lastKnownFileType = sourcecode.swift; path = SupplierHomeView.swift; sourceTree = "<group>"; };
		2CD2C1A72B0E7D83000151D0 /* OrderViewModel.swift */ = {isa = PBXFileReference; fileEncoding = 4; lastKnownFileType = sourcecode.swift; path = OrderViewModel.swift; sourceTree = "<group>"; };
		2CD2C1A82B0E7D83000151D0 /* CartManager.swift */ = {isa = PBXFileReference; fileEncoding = 4; lastKnownFileType = sourcecode.swift; path = CartManager.swift; sourceTree = "<group>"; };
		2CD2C1A92B0E7D83000151D0 /* ProductViewModel.swift */ = {isa = PBXFileReference; fileEncoding = 4; lastKnownFileType = sourcecode.swift; path = ProductViewModel.swift; sourceTree = "<group>"; };
		2CD2C1AA2B0E7D83000151D0 /* PaymentHandler.swift */ = {isa = PBXFileReference; fileEncoding = 4; lastKnownFileType = sourcecode.swift; path = PaymentHandler.swift; sourceTree = "<group>"; };
		2CD2C1AB2B0E7D83000151D0 /* RestaurantViewModel.swift */ = {isa = PBXFileReference; fileEncoding = 4; lastKnownFileType = sourcecode.swift; path = RestaurantViewModel.swift; sourceTree = "<group>"; };
		2CD2C1B12B0E7DC2000151D0 /* Order.swift */ = {isa = PBXFileReference; fileEncoding = 4; lastKnownFileType = sourcecode.swift; path = Order.swift; sourceTree = "<group>"; };
		2CD2C1B22B0E7DC2000151D0 /* ImagePicker.swift */ = {isa = PBXFileReference; fileEncoding = 4; lastKnownFileType = sourcecode.swift; path = ImagePicker.swift; sourceTree = "<group>"; };
		2CD2C1B32B0E7DC2000151D0 /* Bakery.swift */ = {isa = PBXFileReference; fileEncoding = 4; lastKnownFileType = sourcecode.swift; path = Bakery.swift; sourceTree = "<group>"; };
		2CD2C1B42B0E7DC2000151D0 /* Restaurant.swift */ = {isa = PBXFileReference; fileEncoding = 4; lastKnownFileType = sourcecode.swift; path = Restaurant.swift; sourceTree = "<group>"; };
		2CD2C1B52B0E7DC2000151D0 /* Prodcut.swift */ = {isa = PBXFileReference; fileEncoding = 4; lastKnownFileType = sourcecode.swift; path = Prodcut.swift; sourceTree = "<group>"; };
		2CD2C1B62B0E7DC2000151D0 /* FoodOffer.swift */ = {isa = PBXFileReference; fileEncoding = 4; lastKnownFileType = sourcecode.swift; path = FoodOffer.swift; sourceTree = "<group>"; };
		2CD2C1B72B0E7DC2000151D0 /* FoodCategory.swift */ = {isa = PBXFileReference; fileEncoding = 4; lastKnownFileType = sourcecode.swift; path = FoodCategory.swift; sourceTree = "<group>"; };
		2CD2C1BF2B0E7E78000151D0 /* Restaurant2.swift */ = {isa = PBXFileReference; fileEncoding = 4; lastKnownFileType = sourcecode.swift; path = Restaurant2.swift; sourceTree = "<group>"; };
/* End PBXFileReference section */

/* Begin PBXFrameworksBuildPhase section */
		2C4C95262B05133700142FCD /* Frameworks */ = {
			isa = PBXFrameworksBuildPhase;
			buildActionMask = 2147483647;
			files = (
			);
			runOnlyForDeploymentPostprocessing = 0;
		};
		2C4C953B2B05133800142FCD /* Frameworks */ = {
			isa = PBXFrameworksBuildPhase;
			buildActionMask = 2147483647;
			files = (
			);
			runOnlyForDeploymentPostprocessing = 0;
		};
		2C4C95452B05133800142FCD /* Frameworks */ = {
			isa = PBXFrameworksBuildPhase;
			buildActionMask = 2147483647;
			files = (
			);
			runOnlyForDeploymentPostprocessing = 0;
		};
/* End PBXFrameworksBuildPhase section */

/* Begin PBXGroup section */
		2C4C95202B05133700142FCD = {
			isa = PBXGroup;
			children = (
				2C4C952B2B05133700142FCD /* ResQeatsIOS */,
				2C4C95412B05133800142FCD /* ResQeatsIOSTests */,
				2C4C954B2B05133800142FCD /* ResQeatsIOSUITests */,
				2C4C952A2B05133700142FCD /* Products */,
			);
			sourceTree = "<group>";
		};
		2C4C952A2B05133700142FCD /* Products */ = {
			isa = PBXGroup;
			children = (
				2C4C95292B05133700142FCD /* ResQeatsIOS.app */,
				2C4C953E2B05133800142FCD /* ResQeatsIOSTests.xctest */,
				2C4C95482B05133800142FCD /* ResQeatsIOSUITests.xctest */,
			);
			name = Products;
			sourceTree = "<group>";
		};
		2C4C952B2B05133700142FCD /* ResQeatsIOS */ = {
			isa = PBXGroup;
			children = (
				2CD2C1992B0E7A12000151D0 /* ViewModel */,
				2CD2C1982B0E7A06000151D0 /* Model */,
				2CD2C19C2B0E7BCD000151D0 /* View */,
				2C4C95302B05133800142FCD /* Assets.xcassets */,
				2C4C952C2B05133700142FCD /* ResQeatsIOSApp.swift */,
				2C4C95352B05133800142FCD /* Persistence.swift */,
				2C4C95372B05133800142FCD /* ResQeatsIOS.xcdatamodeld */,
				2C4C95322B05133800142FCD /* Preview Content */,
			);
			path = ResQeatsIOS;
			sourceTree = "<group>";
		};
		2C4C95322B05133800142FCD /* Preview Content */ = {
			isa = PBXGroup;
			children = (
				2C4C95332B05133800142FCD /* Preview Assets.xcassets */,
			);
			path = "Preview Content";
			sourceTree = "<group>";
		};
		2C4C95412B05133800142FCD /* ResQeatsIOSTests */ = {
			isa = PBXGroup;
			children = (
				2C4C95422B05133800142FCD /* ResQeatsIOSTests.swift */,
			);
			path = ResQeatsIOSTests;
			sourceTree = "<group>";
		};
		2C4C954B2B05133800142FCD /* ResQeatsIOSUITests */ = {
			isa = PBXGroup;
			children = (
				2C4C954C2B05133800142FCD /* ResQeatsIOSUITests.swift */,
				2C4C954E2B05133800142FCD /* ResQeatsIOSUITestsLaunchTests.swift */,
			);
			path = ResQeatsIOSUITests;
			sourceTree = "<group>";
		};
		2C7AEC6C2B0F80230064B5C4 /* BakeryViews */ = {
			isa = PBXGroup;
			children = (
				2C7AEC7B2B0F83790064B5C4 /* BakeryView.swift */,
			);
			path = BakeryViews;
			sourceTree = "<group>";
		};
		2C7AEC6D2B0F806A0064B5C4 /* CatererViews */ = {
			isa = PBXGroup;
			children = (
			);
			path = CatererViews;
			sourceTree = "<group>";
		};
		2C7AEC6F2B0F809A0064B5C4 /* ProductFournisseurView */ = {
			isa = PBXGroup;
			children = (
				2C7AECA62B0F8CE30064B5C4 /* AddOfferView.swift */,
				2C7AECA22B0F8CE30064B5C4 /* ProductCardSupplier.swift */,
				2C7AECA52B0F8CE30064B5C4 /* ProductSupplierView.swift */,
				2C7AECA82B0F8CE30064B5C4 /* SettingsView.swift */,
				2C7AECA92B0F8CE30064B5C4 /* SupplierDonnationView.swift */,
				2C7AECAC2B0F8CE30064B5C4 /* SupplierHomeView.swift */,
				2C7AECA42B0F8CE30064B5C4 /* SupplierNewOfferView.swift */,
				2C7AECAB2B0F8CE30064B5C4 /* SupplierOderDetailView.swift */,
				2C7AECAA2B0F8CE30064B5C4 /* SupplierOrderView.swift */,
				2C7AECA32B0F8CE30064B5C4 /* SupplierView.swift */,
				2C7AECA72B0F8CE30064B5C4 /* TabBarSupplier.swift */,
			);
			path = ProductFournisseurView;
			sourceTree = "<group>";
		};
		2C7AEC702B0F80B50064B5C4 /* SupermarketViews */ = {
			isa = PBXGroup;
			children = (
			);
			path = SupermarketViews;
			sourceTree = "<group>";
		};
		2C7AEC7A2B0F820D0064B5C4 /* ProductClientView */ = {
			isa = PBXGroup;
			children = (
				2C7AEC8F2B0F8A330064B5C4 /* OrderView */,
				2C7AEC8E2B0F8A230064B5C4 /* HomeView */,
				2C7AEC852B0F881C0064B5C4 /* CartView */,
				2C7AEC7D2B0F87D60064B5C4 /* ClientView.swift */,
				2C7AEC802B0F87D60064B5C4 /* DetailScreen.swift */,
				2C7AEC7E2B0F87D60064B5C4 /* HomeScreen.swift */,
				2C7AEC7F2B0F87D60064B5C4 /* RestaurantOffers.swift */,
			);
			path = ProductClientView;
			sourceTree = "<group>";
		};
		2C7AEC852B0F881C0064B5C4 /* CartView */ = {
			isa = PBXGroup;
			children = (
				2C7AEC882B0F884F0064B5C4 /* FoodCartButton.swift */,
				2C7AEC862B0F884F0064B5C4 /* FoodCartView.swift */,
				2C7AEC892B0F884F0064B5C4 /* FoodOfferRow.swift */,
				2C7AEC872B0F884F0064B5C4 /* PaymentButton.swift */,
			);
			path = CartView;
			sourceTree = "<group>";
		};
		2C7AEC8E2B0F8A230064B5C4 /* HomeView */ = {
			isa = PBXGroup;
			children = (
				2C7AEC932B0F8AFD0064B5C4 /* DetailRestaurantView.swift */,
				2C7AEC912B0F8AFD0064B5C4 /* FoodDetail.swift */,
				2C7AEC962B0F8AFD0064B5C4 /* HomeScreen2View.swift */,
				2C7AEC942B0F8AFD0064B5C4 /* ProdcutCardView.swift */,
				2C7AEC952B0F8AFD0064B5C4 /* ProductView.swift */,
				2C7AEC902B0F8AFD0064B5C4 /* RestaurantCardView.swift */,
				2C7AEC922B0F8AFD0064B5C4 /* TabBarClient.swift */,
			);
			path = HomeView;
			sourceTree = "<group>";
		};
		2C7AEC8F2B0F8A330064B5C4 /* OrderView */ = {
			isa = PBXGroup;
			children = (
				2C7AEC9E2B0F8B310064B5C4 /* ClientOrderDetailView.swift */,
				2C7AEC9F2B0F8B310064B5C4 /* ClientOrderView.swift */,
			);
			path = OrderView;
			sourceTree = "<group>";
		};
		2CD2C1982B0E7A06000151D0 /* Model */ = {
			isa = PBXGroup;
			children = (
				2CD2C1BF2B0E7E78000151D0 /* Restaurant2.swift */,
				2CD2C1B32B0E7DC2000151D0 /* Bakery.swift */,
				2CD2C1B72B0E7DC2000151D0 /* FoodCategory.swift */,
				2CD2C1B62B0E7DC2000151D0 /* FoodOffer.swift */,
				2CD2C1B22B0E7DC2000151D0 /* ImagePicker.swift */,
				2CD2C1B12B0E7DC2000151D0 /* Order.swift */,
				2CD2C1B52B0E7DC2000151D0 /* Prodcut.swift */,
				2CD2C1B42B0E7DC2000151D0 /* Restaurant.swift */,
			);
			path = Model;
			sourceTree = "<group>";
		};
		2CD2C1992B0E7A12000151D0 /* ViewModel */ = {
			isa = PBXGroup;
			children = (
				2CD2C1A82B0E7D83000151D0 /* CartManager.swift */,
				2CD2C1A72B0E7D83000151D0 /* OrderViewModel.swift */,
				2CD2C1AA2B0E7D83000151D0 /* PaymentHandler.swift */,
				2CD2C1A92B0E7D83000151D0 /* ProductViewModel.swift */,
				2CD2C1AB2B0E7D83000151D0 /* RestaurantViewModel.swift */,
			);
			path = ViewModel;
			sourceTree = "<group>";
		};
		2CD2C19C2B0E7BCD000151D0 /* View */ = {
			isa = PBXGroup;
			children = (
				2C7AEC6F2B0F809A0064B5C4 /* ProductFournisseurView */,
				2C7AEC7A2B0F820D0064B5C4 /* ProductClientView */,
				2C7AEC702B0F80B50064B5C4 /* SupermarketViews */,
				2C7AEC6D2B0F806A0064B5C4 /* CatererViews */,
				2C7AEC6C2B0F80230064B5C4 /* BakeryViews */,
			);
			path = View;
			sourceTree = "<group>";
		};
/* End PBXGroup section */

/* Begin PBXNativeTarget section */
		2C4C95282B05133700142FCD /* ResQeatsIOS */ = {
			isa = PBXNativeTarget;
			buildConfigurationList = 2C4C95522B05133800142FCD /* Build configuration list for PBXNativeTarget "ResQeatsIOS" */;
			buildPhases = (
				2C4C95252B05133700142FCD /* Sources */,
				2C4C95262B05133700142FCD /* Frameworks */,
				2C4C95272B05133700142FCD /* Resources */,
			);
			buildRules = (
			);
			dependencies = (
			);
			name = ResQeatsIOS;
			productName = ResQeatsIOS;
			productReference = 2C4C95292B05133700142FCD /* ResQeatsIOS.app */;
			productType = "com.apple.product-type.application";
		};
		2C4C953D2B05133800142FCD /* ResQeatsIOSTests */ = {
			isa = PBXNativeTarget;
			buildConfigurationList = 2C4C95552B05133800142FCD /* Build configuration list for PBXNativeTarget "ResQeatsIOSTests" */;
			buildPhases = (
				2C4C953A2B05133800142FCD /* Sources */,
				2C4C953B2B05133800142FCD /* Frameworks */,
				2C4C953C2B05133800142FCD /* Resources */,
			);
			buildRules = (
			);
			dependencies = (
				2C4C95402B05133800142FCD /* PBXTargetDependency */,
			);
			name = ResQeatsIOSTests;
			productName = ResQeatsIOSTests;
			productReference = 2C4C953E2B05133800142FCD /* ResQeatsIOSTests.xctest */;
			productType = "com.apple.product-type.bundle.unit-test";
		};
		2C4C95472B05133800142FCD /* ResQeatsIOSUITests */ = {
			isa = PBXNativeTarget;
			buildConfigurationList = 2C4C95582B05133800142FCD /* Build configuration list for PBXNativeTarget "ResQeatsIOSUITests" */;
			buildPhases = (
				2C4C95442B05133800142FCD /* Sources */,
				2C4C95452B05133800142FCD /* Frameworks */,
				2C4C95462B05133800142FCD /* Resources */,
			);
			buildRules = (
			);
			dependencies = (
				2C4C954A2B05133800142FCD /* PBXTargetDependency */,
			);
			name = ResQeatsIOSUITests;
			productName = ResQeatsIOSUITests;
			productReference = 2C4C95482B05133800142FCD /* ResQeatsIOSUITests.xctest */;
			productType = "com.apple.product-type.bundle.ui-testing";
		};
/* End PBXNativeTarget section */

/* Begin PBXProject section */
		2C4C95212B05133700142FCD /* Project object */ = {
			isa = PBXProject;
			attributes = {
				BuildIndependentTargetsInParallel = 1;
				LastSwiftUpdateCheck = 1410;
				LastUpgradeCheck = 1410;
				TargetAttributes = {
					2C4C95282B05133700142FCD = {
						CreatedOnToolsVersion = 14.1;
					};
					2C4C953D2B05133800142FCD = {
						CreatedOnToolsVersion = 14.1;
						TestTargetID = 2C4C95282B05133700142FCD;
					};
					2C4C95472B05133800142FCD = {
						CreatedOnToolsVersion = 14.1;
						TestTargetID = 2C4C95282B05133700142FCD;
					};
				};
			};
			buildConfigurationList = 2C4C95242B05133700142FCD /* Build configuration list for PBXProject "ResQeatsIOS" */;
			compatibilityVersion = "Xcode 14.0";
			developmentRegion = en;
			hasScannedForEncodings = 0;
			knownRegions = (
				en,
				Base,
			);
			mainGroup = 2C4C95202B05133700142FCD;
			productRefGroup = 2C4C952A2B05133700142FCD /* Products */;
			projectDirPath = "";
			projectRoot = "";
			targets = (
				2C4C95282B05133700142FCD /* ResQeatsIOS */,
				2C4C953D2B05133800142FCD /* ResQeatsIOSTests */,
				2C4C95472B05133800142FCD /* ResQeatsIOSUITests */,
			);
		};
/* End PBXProject section */

/* Begin PBXResourcesBuildPhase section */
		2C4C95272B05133700142FCD /* Resources */ = {
			isa = PBXResourcesBuildPhase;
			buildActionMask = 2147483647;
			files = (
				2C4C95342B05133800142FCD /* Preview Assets.xcassets in Resources */,
				2C4C95312B05133800142FCD /* Assets.xcassets in Resources */,
			);
			runOnlyForDeploymentPostprocessing = 0;
		};
		2C4C953C2B05133800142FCD /* Resources */ = {
			isa = PBXResourcesBuildPhase;
			buildActionMask = 2147483647;
			files = (
			);
			runOnlyForDeploymentPostprocessing = 0;
		};
		2C4C95462B05133800142FCD /* Resources */ = {
			isa = PBXResourcesBuildPhase;
			buildActionMask = 2147483647;
			files = (
			);
			runOnlyForDeploymentPostprocessing = 0;
		};
/* End PBXResourcesBuildPhase section */

/* Begin PBXSourcesBuildPhase section */
		2C4C95252B05133700142FCD /* Sources */ = {
			isa = PBXSourcesBuildPhase;
			buildActionMask = 2147483647;
			files = (
				2C7AECA12B0F8B310064B5C4 /* ClientOrderView.swift in Sources */,
				2C7AEC9A2B0F8AFD0064B5C4 /* DetailRestaurantView.swift in Sources */,
				2C7AEC992B0F8AFD0064B5C4 /* TabBarClient.swift in Sources */,
				2C7AEC9B2B0F8AFD0064B5C4 /* ProdcutCardView.swift in Sources */,
				2CD2C1BD2B0E7DC2000151D0 /* FoodOffer.swift in Sources */,
				2C7AECB32B0F8CE30064B5C4 /* SettingsView.swift in Sources */,
				2CD2C1BA2B0E7DC2000151D0 /* Bakery.swift in Sources */,
				2C7AEC8B2B0F884F0064B5C4 /* PaymentButton.swift in Sources */,
				2C7AEC9D2B0F8AFD0064B5C4 /* HomeScreen2View.swift in Sources */,
				2CD2C1AD2B0E7D83000151D0 /* CartManager.swift in Sources */,
				2CD2C1B02B0E7D83000151D0 /* RestaurantViewModel.swift in Sources */,
				2C7AECB62B0F8CE30064B5C4 /* SupplierOderDetailView.swift in Sources */,
				2C4C95362B05133800142FCD /* Persistence.swift in Sources */,
				2C7AEC842B0F87D60064B5C4 /* DetailScreen.swift in Sources */,
				2C7AEC7C2B0F83790064B5C4 /* BakeryView.swift in Sources */,
				2CD2C1B82B0E7DC2000151D0 /* Order.swift in Sources */,
				2C7AECAD2B0F8CE30064B5C4 /* ProductCardSupplier.swift in Sources */,
				2C7AEC832B0F87D60064B5C4 /* RestaurantOffers.swift in Sources */,
				2CD2C1AE2B0E7D83000151D0 /* ProductViewModel.swift in Sources */,
				2C7AECB52B0F8CE30064B5C4 /* SupplierOrderView.swift in Sources */,
				2C7AEC972B0F8AFD0064B5C4 /* RestaurantCardView.swift in Sources */,
				2C7AEC8D2B0F884F0064B5C4 /* FoodOfferRow.swift in Sources */,
				2C7AECB72B0F8CE30064B5C4 /* SupplierHomeView.swift in Sources */,
				2C7AEC8A2B0F884F0064B5C4 /* FoodCartView.swift in Sources */,
				2CD2C1C02B0E7E78000151D0 /* Restaurant2.swift in Sources */,
				2C7AEC8C2B0F884F0064B5C4 /* FoodCartButton.swift in Sources */,
				2C7AEC822B0F87D60064B5C4 /* HomeScreen.swift in Sources */,
				2CD2C1AF2B0E7D83000151D0 /* PaymentHandler.swift in Sources */,
				2C7AECAF2B0F8CE30064B5C4 /* SupplierNewOfferView.swift in Sources */,
				2C7AEC9C2B0F8AFD0064B5C4 /* ProductView.swift in Sources */,
				2C7AECB42B0F8CE30064B5C4 /* SupplierDonnationView.swift in Sources */,
				2C7AECB02B0F8CE30064B5C4 /* ProductSupplierView.swift in Sources */,
				2C4C952D2B05133700142FCD /* ResQeatsIOSApp.swift in Sources */,
				2CD2C1BB2B0E7DC2000151D0 /* Restaurant.swift in Sources */,
				2CD2C1B92B0E7DC2000151D0 /* ImagePicker.swift in Sources */,
				2C7AECAE2B0F8CE30064B5C4 /* SupplierView.swift in Sources */,
				2C7AECB22B0F8CE30064B5C4 /* TabBarSupplier.swift in Sources */,
				2CD2C1BC2B0E7DC2000151D0 /* Prodcut.swift in Sources */,
				2C4C95392B05133800142FCD /* ResQeatsIOS.xcdatamodeld in Sources */,
				2C7AECA02B0F8B310064B5C4 /* ClientOrderDetailView.swift in Sources */,
				2CD2C1BE2B0E7DC2000151D0 /* FoodCategory.swift in Sources */,
				2CD2C1AC2B0E7D83000151D0 /* OrderViewModel.swift in Sources */,
				2C7AEC812B0F87D60064B5C4 /* ClientView.swift in Sources */,
				2C7AECB12B0F8CE30064B5C4 /* AddOfferView.swift in Sources */,
				2C7AEC982B0F8AFD0064B5C4 /* FoodDetail.swift in Sources */,
			);
			runOnlyForDeploymentPostprocessing = 0;
		};
		2C4C953A2B05133800142FCD /* Sources */ = {
			isa = PBXSourcesBuildPhase;
			buildActionMask = 2147483647;
			files = (
				2C4C95432B05133800142FCD /* ResQeatsIOSTests.swift in Sources */,
			);
			runOnlyForDeploymentPostprocessing = 0;
		};
		2C4C95442B05133800142FCD /* Sources */ = {
			isa = PBXSourcesBuildPhase;
			buildActionMask = 2147483647;
			files = (
				2C4C954F2B05133800142FCD /* ResQeatsIOSUITestsLaunchTests.swift in Sources */,
				2C4C954D2B05133800142FCD /* ResQeatsIOSUITests.swift in Sources */,
			);
			runOnlyForDeploymentPostprocessing = 0;
		};
/* End PBXSourcesBuildPhase section */

/* Begin PBXTargetDependency section */
		2C4C95402B05133800142FCD /* PBXTargetDependency */ = {
			isa = PBXTargetDependency;
			target = 2C4C95282B05133700142FCD /* ResQeatsIOS */;
			targetProxy = 2C4C953F2B05133800142FCD /* PBXContainerItemProxy */;
		};
		2C4C954A2B05133800142FCD /* PBXTargetDependency */ = {
			isa = PBXTargetDependency;
			target = 2C4C95282B05133700142FCD /* ResQeatsIOS */;
			targetProxy = 2C4C95492B05133800142FCD /* PBXContainerItemProxy */;
		};
/* End PBXTargetDependency section */

/* Begin XCBuildConfiguration section */
		2C4C95502B05133800142FCD /* Debug */ = {
			isa = XCBuildConfiguration;
			buildSettings = {
				ALWAYS_SEARCH_USER_PATHS = NO;
				CLANG_ANALYZER_NONNULL = YES;
				CLANG_ANALYZER_NUMBER_OBJECT_CONVERSION = YES_AGGRESSIVE;
				CLANG_CXX_LANGUAGE_STANDARD = "gnu++20";
				CLANG_ENABLE_MODULES = YES;
				CLANG_ENABLE_OBJC_ARC = YES;
				CLANG_ENABLE_OBJC_WEAK = YES;
				CLANG_WARN_BLOCK_CAPTURE_AUTORELEASING = YES;
				CLANG_WARN_BOOL_CONVERSION = YES;
				CLANG_WARN_COMMA = YES;
				CLANG_WARN_CONSTANT_CONVERSION = YES;
				CLANG_WARN_DEPRECATED_OBJC_IMPLEMENTATIONS = YES;
				CLANG_WARN_DIRECT_OBJC_ISA_USAGE = YES_ERROR;
				CLANG_WARN_DOCUMENTATION_COMMENTS = YES;
				CLANG_WARN_EMPTY_BODY = YES;
				CLANG_WARN_ENUM_CONVERSION = YES;
				CLANG_WARN_INFINITE_RECURSION = YES;
				CLANG_WARN_INT_CONVERSION = YES;
				CLANG_WARN_NON_LITERAL_NULL_CONVERSION = YES;
				CLANG_WARN_OBJC_IMPLICIT_RETAIN_SELF = YES;
				CLANG_WARN_OBJC_LITERAL_CONVERSION = YES;
				CLANG_WARN_OBJC_ROOT_CLASS = YES_ERROR;
				CLANG_WARN_QUOTED_INCLUDE_IN_FRAMEWORK_HEADER = YES;
				CLANG_WARN_RANGE_LOOP_ANALYSIS = YES;
				CLANG_WARN_STRICT_PROTOTYPES = YES;
				CLANG_WARN_SUSPICIOUS_MOVE = YES;
				CLANG_WARN_UNGUARDED_AVAILABILITY = YES_AGGRESSIVE;
				CLANG_WARN_UNREACHABLE_CODE = YES;
				CLANG_WARN__DUPLICATE_METHOD_MATCH = YES;
				COPY_PHASE_STRIP = NO;
				DEBUG_INFORMATION_FORMAT = dwarf;
				ENABLE_STRICT_OBJC_MSGSEND = YES;
				ENABLE_TESTABILITY = YES;
				GCC_C_LANGUAGE_STANDARD = gnu11;
				GCC_DYNAMIC_NO_PIC = NO;
				GCC_NO_COMMON_BLOCKS = YES;
				GCC_OPTIMIZATION_LEVEL = 0;
				GCC_PREPROCESSOR_DEFINITIONS = (
					"DEBUG=1",
					"$(inherited)",
				);
				GCC_WARN_64_TO_32_BIT_CONVERSION = YES;
				GCC_WARN_ABOUT_RETURN_TYPE = YES_ERROR;
				GCC_WARN_UNDECLARED_SELECTOR = YES;
				GCC_WARN_UNINITIALIZED_AUTOS = YES_AGGRESSIVE;
				GCC_WARN_UNUSED_FUNCTION = YES;
				GCC_WARN_UNUSED_VARIABLE = YES;
				IPHONEOS_DEPLOYMENT_TARGET = 16.1;
				MTL_ENABLE_DEBUG_INFO = INCLUDE_SOURCE;
				MTL_FAST_MATH = YES;
				ONLY_ACTIVE_ARCH = YES;
				SDKROOT = iphoneos;
				SWIFT_ACTIVE_COMPILATION_CONDITIONS = DEBUG;
				SWIFT_OPTIMIZATION_LEVEL = "-Onone";
			};
			name = Debug;
		};
		2C4C95512B05133800142FCD /* Release */ = {
			isa = XCBuildConfiguration;
			buildSettings = {
				ALWAYS_SEARCH_USER_PATHS = NO;
				CLANG_ANALYZER_NONNULL = YES;
				CLANG_ANALYZER_NUMBER_OBJECT_CONVERSION = YES_AGGRESSIVE;
				CLANG_CXX_LANGUAGE_STANDARD = "gnu++20";
				CLANG_ENABLE_MODULES = YES;
				CLANG_ENABLE_OBJC_ARC = YES;
				CLANG_ENABLE_OBJC_WEAK = YES;
				CLANG_WARN_BLOCK_CAPTURE_AUTORELEASING = YES;
				CLANG_WARN_BOOL_CONVERSION = YES;
				CLANG_WARN_COMMA = YES;
				CLANG_WARN_CONSTANT_CONVERSION = YES;
				CLANG_WARN_DEPRECATED_OBJC_IMPLEMENTATIONS = YES;
				CLANG_WARN_DIRECT_OBJC_ISA_USAGE = YES_ERROR;
				CLANG_WARN_DOCUMENTATION_COMMENTS = YES;
				CLANG_WARN_EMPTY_BODY = YES;
				CLANG_WARN_ENUM_CONVERSION = YES;
				CLANG_WARN_INFINITE_RECURSION = YES;
				CLANG_WARN_INT_CONVERSION = YES;
				CLANG_WARN_NON_LITERAL_NULL_CONVERSION = YES;
				CLANG_WARN_OBJC_IMPLICIT_RETAIN_SELF = YES;
				CLANG_WARN_OBJC_LITERAL_CONVERSION = YES;
				CLANG_WARN_OBJC_ROOT_CLASS = YES_ERROR;
				CLANG_WARN_QUOTED_INCLUDE_IN_FRAMEWORK_HEADER = YES;
				CLANG_WARN_RANGE_LOOP_ANALYSIS = YES;
				CLANG_WARN_STRICT_PROTOTYPES = YES;
				CLANG_WARN_SUSPICIOUS_MOVE = YES;
				CLANG_WARN_UNGUARDED_AVAILABILITY = YES_AGGRESSIVE;
				CLANG_WARN_UNREACHABLE_CODE = YES;
				CLANG_WARN__DUPLICATE_METHOD_MATCH = YES;
				COPY_PHASE_STRIP = NO;
				DEBUG_INFORMATION_FORMAT = "dwarf-with-dsym";
				ENABLE_NS_ASSERTIONS = NO;
				ENABLE_STRICT_OBJC_MSGSEND = YES;
				GCC_C_LANGUAGE_STANDARD = gnu11;
				GCC_NO_COMMON_BLOCKS = YES;
				GCC_WARN_64_TO_32_BIT_CONVERSION = YES;
				GCC_WARN_ABOUT_RETURN_TYPE = YES_ERROR;
				GCC_WARN_UNDECLARED_SELECTOR = YES;
				GCC_WARN_UNINITIALIZED_AUTOS = YES_AGGRESSIVE;
				GCC_WARN_UNUSED_FUNCTION = YES;
				GCC_WARN_UNUSED_VARIABLE = YES;
				IPHONEOS_DEPLOYMENT_TARGET = 16.1;
				MTL_ENABLE_DEBUG_INFO = NO;
				MTL_FAST_MATH = YES;
				SDKROOT = iphoneos;
				SWIFT_COMPILATION_MODE = wholemodule;
				SWIFT_OPTIMIZATION_LEVEL = "-O";
				VALIDATE_PRODUCT = YES;
			};
			name = Release;
		};
		2C4C95532B05133800142FCD /* Debug */ = {
			isa = XCBuildConfiguration;
			buildSettings = {
				ASSETCATALOG_COMPILER_APPICON_NAME = AppIcon;
				ASSETCATALOG_COMPILER_GLOBAL_ACCENT_COLOR_NAME = AccentColor;
				CODE_SIGN_STYLE = Automatic;
				CURRENT_PROJECT_VERSION = 1;
				DEVELOPMENT_ASSET_PATHS = "\"ResQeatsIOS/Preview Content\"";
				ENABLE_PREVIEWS = YES;
				GENERATE_INFOPLIST_FILE = YES;
				INFOPLIST_KEY_UIApplicationSceneManifest_Generation = YES;
				INFOPLIST_KEY_UIApplicationSupportsIndirectInputEvents = YES;
				INFOPLIST_KEY_UILaunchScreen_Generation = YES;
				INFOPLIST_KEY_UISupportedInterfaceOrientations_iPad = "UIInterfaceOrientationPortrait UIInterfaceOrientationPortraitUpsideDown UIInterfaceOrientationLandscapeLeft UIInterfaceOrientationLandscapeRight";
				INFOPLIST_KEY_UISupportedInterfaceOrientations_iPhone = "UIInterfaceOrientationPortrait UIInterfaceOrientationLandscapeLeft UIInterfaceOrientationLandscapeRight";
				LD_RUNPATH_SEARCH_PATHS = (
					"$(inherited)",
					"@executable_path/Frameworks",
				);
				MARKETING_VERSION = 1.0;
				PRODUCT_BUNDLE_IDENTIFIER = com.esprit.ResQeatsIOS;
				PRODUCT_NAME = "$(TARGET_NAME)";
				SWIFT_EMIT_LOC_STRINGS = YES;
				SWIFT_VERSION = 5.0;
				TARGETED_DEVICE_FAMILY = "1,2";
			};
			name = Debug;
		};
		2C4C95542B05133800142FCD /* Release */ = {
			isa = XCBuildConfiguration;
			buildSettings = {
				ASSETCATALOG_COMPILER_APPICON_NAME = AppIcon;
				ASSETCATALOG_COMPILER_GLOBAL_ACCENT_COLOR_NAME = AccentColor;
				CODE_SIGN_STYLE = Automatic;
				CURRENT_PROJECT_VERSION = 1;
				DEVELOPMENT_ASSET_PATHS = "\"ResQeatsIOS/Preview Content\"";
				ENABLE_PREVIEWS = YES;
				GENERATE_INFOPLIST_FILE = YES;
				INFOPLIST_KEY_UIApplicationSceneManifest_Generation = YES;
				INFOPLIST_KEY_UIApplicationSupportsIndirectInputEvents = YES;
				INFOPLIST_KEY_UILaunchScreen_Generation = YES;
				INFOPLIST_KEY_UISupportedInterfaceOrientations_iPad = "UIInterfaceOrientationPortrait UIInterfaceOrientationPortraitUpsideDown UIInterfaceOrientationLandscapeLeft UIInterfaceOrientationLandscapeRight";
				INFOPLIST_KEY_UISupportedInterfaceOrientations_iPhone = "UIInterfaceOrientationPortrait UIInterfaceOrientationLandscapeLeft UIInterfaceOrientationLandscapeRight";
				LD_RUNPATH_SEARCH_PATHS = (
					"$(inherited)",
					"@executable_path/Frameworks",
				);
				MARKETING_VERSION = 1.0;
				PRODUCT_BUNDLE_IDENTIFIER = com.esprit.ResQeatsIOS;
				PRODUCT_NAME = "$(TARGET_NAME)";
				SWIFT_EMIT_LOC_STRINGS = YES;
				SWIFT_VERSION = 5.0;
				TARGETED_DEVICE_FAMILY = "1,2";
			};
			name = Release;
		};
		2C4C95562B05133800142FCD /* Debug */ = {
			isa = XCBuildConfiguration;
			buildSettings = {
				ALWAYS_EMBED_SWIFT_STANDARD_LIBRARIES = YES;
				BUNDLE_LOADER = "$(TEST_HOST)";
				CODE_SIGN_STYLE = Automatic;
				CURRENT_PROJECT_VERSION = 1;
				GENERATE_INFOPLIST_FILE = YES;
				IPHONEOS_DEPLOYMENT_TARGET = 16.1;
				MARKETING_VERSION = 1.0;
				PRODUCT_BUNDLE_IDENTIFIER = com.esprit.ResQeatsIOSTests;
				PRODUCT_NAME = "$(TARGET_NAME)";
				SWIFT_EMIT_LOC_STRINGS = NO;
				SWIFT_VERSION = 5.0;
				TARGETED_DEVICE_FAMILY = "1,2";
				TEST_HOST = "$(BUILT_PRODUCTS_DIR)/ResQeatsIOS.app/$(BUNDLE_EXECUTABLE_FOLDER_PATH)/ResQeatsIOS";
			};
			name = Debug;
		};
		2C4C95572B05133800142FCD /* Release */ = {
			isa = XCBuildConfiguration;
			buildSettings = {
				ALWAYS_EMBED_SWIFT_STANDARD_LIBRARIES = YES;
				BUNDLE_LOADER = "$(TEST_HOST)";
				CODE_SIGN_STYLE = Automatic;
				CURRENT_PROJECT_VERSION = 1;
				GENERATE_INFOPLIST_FILE = YES;
				IPHONEOS_DEPLOYMENT_TARGET = 16.1;
				MARKETING_VERSION = 1.0;
				PRODUCT_BUNDLE_IDENTIFIER = com.esprit.ResQeatsIOSTests;
				PRODUCT_NAME = "$(TARGET_NAME)";
				SWIFT_EMIT_LOC_STRINGS = NO;
				SWIFT_VERSION = 5.0;
				TARGETED_DEVICE_FAMILY = "1,2";
				TEST_HOST = "$(BUILT_PRODUCTS_DIR)/ResQeatsIOS.app/$(BUNDLE_EXECUTABLE_FOLDER_PATH)/ResQeatsIOS";
			};
			name = Release;
		};
		2C4C95592B05133800142FCD /* Debug */ = {
			isa = XCBuildConfiguration;
			buildSettings = {
				ALWAYS_EMBED_SWIFT_STANDARD_LIBRARIES = YES;
				CODE_SIGN_STYLE = Automatic;
				CURRENT_PROJECT_VERSION = 1;
				GENERATE_INFOPLIST_FILE = YES;
				MARKETING_VERSION = 1.0;
				PRODUCT_BUNDLE_IDENTIFIER = com.esprit.ResQeatsIOSUITests;
				PRODUCT_NAME = "$(TARGET_NAME)";
				SWIFT_EMIT_LOC_STRINGS = NO;
				SWIFT_VERSION = 5.0;
				TARGETED_DEVICE_FAMILY = "1,2";
				TEST_TARGET_NAME = ResQeatsIOS;
			};
			name = Debug;
		};
		2C4C955A2B05133800142FCD /* Release */ = {
			isa = XCBuildConfiguration;
			buildSettings = {
				ALWAYS_EMBED_SWIFT_STANDARD_LIBRARIES = YES;
				CODE_SIGN_STYLE = Automatic;
				CURRENT_PROJECT_VERSION = 1;
				GENERATE_INFOPLIST_FILE = YES;
				MARKETING_VERSION = 1.0;
				PRODUCT_BUNDLE_IDENTIFIER = com.esprit.ResQeatsIOSUITests;
				PRODUCT_NAME = "$(TARGET_NAME)";
				SWIFT_EMIT_LOC_STRINGS = NO;
				SWIFT_VERSION = 5.0;
				TARGETED_DEVICE_FAMILY = "1,2";
				TEST_TARGET_NAME = ResQeatsIOS;
			};
			name = Release;
		};
/* End XCBuildConfiguration section */

/* Begin XCConfigurationList section */
		2C4C95242B05133700142FCD /* Build configuration list for PBXProject "ResQeatsIOS" */ = {
			isa = XCConfigurationList;
			buildConfigurations = (
				2C4C95502B05133800142FCD /* Debug */,
				2C4C95512B05133800142FCD /* Release */,
			);
			defaultConfigurationIsVisible = 0;
			defaultConfigurationName = Release;
		};
		2C4C95522B05133800142FCD /* Build configuration list for PBXNativeTarget "ResQeatsIOS" */ = {
			isa = XCConfigurationList;
			buildConfigurations = (
				2C4C95532B05133800142FCD /* Debug */,
				2C4C95542B05133800142FCD /* Release */,
			);
			defaultConfigurationIsVisible = 0;
			defaultConfigurationName = Release;
		};
		2C4C95552B05133800142FCD /* Build configuration list for PBXNativeTarget "ResQeatsIOSTests" */ = {
			isa = XCConfigurationList;
			buildConfigurations = (
				2C4C95562B05133800142FCD /* Debug */,
				2C4C95572B05133800142FCD /* Release */,
			);
			defaultConfigurationIsVisible = 0;
			defaultConfigurationName = Release;
		};
		2C4C95582B05133800142FCD /* Build configuration list for PBXNativeTarget "ResQeatsIOSUITests" */ = {
			isa = XCConfigurationList;
			buildConfigurations = (
				2C4C95592B05133800142FCD /* Debug */,
				2C4C955A2B05133800142FCD /* Release */,
			);
			defaultConfigurationIsVisible = 0;
			defaultConfigurationName = Release;
		};
/* End XCConfigurationList section */

/* Begin XCVersionGroup section */
		2C4C95372B05133800142FCD /* ResQeatsIOS.xcdatamodeld */ = {
			isa = XCVersionGroup;
			children = (
				2C4C95382B05133800142FCD /* ResQeatsIOS.xcdatamodel */,
			);
			currentVersion = 2C4C95382B05133800142FCD /* ResQeatsIOS.xcdatamodel */;
			path = ResQeatsIOS.xcdatamodeld;
			sourceTree = "<group>";
			versionGroupType = wrapper.xcdatamodel;
		};
/* End XCVersionGroup section */
	};
	rootObject = 2C4C95212B05133700142FCD /* Project object */;
}
