// !$*UTF8*$!
{
	archiveVersion = 1;
	classes = {
	};
	objectVersion = 56;
	objects = {

/* Begin PBXBuildFile section */
		4B0AE2BD2AFD4ADE0020608B /* map.swift in Sources */ = {isa = PBXBuildFile; fileRef = 4B0AE2BC2AFD4ADE0020608B /* map.swift */; };
		4B0AE2BF2AFD60030020608B /* LocationDetailsView.swift in Sources */ = {isa = PBXBuildFile; fileRef = 4B0AE2BE2AFD60030020608B /* LocationDetailsView.swift */; };
		4B2AF2942AFB73E000F3DE2D /* Screen3.swift in Sources */ = {isa = PBXBuildFile; fileRef = 4B2AF2932AFB73E000F3DE2D /* Screen3.swift */; };
		4B2AF2982AFB80F400F3DE2D /* loginCreateAccount.swift in Sources */ = {isa = PBXBuildFile; fileRef = 4B2AF2972AFB80F400F3DE2D /* loginCreateAccount.swift */; };
		4B2AF2A42AFBF85200F3DE2D /* Login.swift in Sources */ = {isa = PBXBuildFile; fileRef = 4B2AF2A32AFBF85200F3DE2D /* Login.swift */; };
		4B2AF2A62AFC1C0B00F3DE2D /* ResetPassword.swift in Sources */ = {isa = PBXBuildFile; fileRef = 4B2AF2A52AFC1C0B00F3DE2D /* ResetPassword.swift */; };
		4B2AF2AA2AFC5E1100F3DE2D /* NewPassword.swift in Sources */ = {isa = PBXBuildFile; fileRef = 4B2AF2A92AFC5E1100F3DE2D /* NewPassword.swift */; };
		4B2AF2AC2AFC649800F3DE2D /* signup.swift in Sources */ = {isa = PBXBuildFile; fileRef = 4B2AF2AB2AFC649800F3DE2D /* signup.swift */; };
		4B2AF2AE2AFCBC7500F3DE2D /* signUp1.swift in Sources */ = {isa = PBXBuildFile; fileRef = 4B2AF2AD2AFCBC7500F3DE2D /* signUp1.swift */; };
		4B2AF2B02AFCF8A700F3DE2D /* sugnUp2.swift in Sources */ = {isa = PBXBuildFile; fileRef = 4B2AF2AF2AFCF8A700F3DE2D /* sugnUp2.swift */; };
		4B6729C42AFA6D3E0002F7B8 /* resQeatsApp.swift in Sources */ = {isa = PBXBuildFile; fileRef = 4B6729C32AFA6D3E0002F7B8 /* resQeatsApp.swift */; };
		4B6729C62AFA6D3E0002F7B8 /* ContentView.swift in Sources */ = {isa = PBXBuildFile; fileRef = 4B6729C52AFA6D3E0002F7B8 /* ContentView.swift */; };
		4B6729C82AFA6D3F0002F7B8 /* Assets.xcassets in Resources */ = {isa = PBXBuildFile; fileRef = 4B6729C72AFA6D3F0002F7B8 /* Assets.xcassets */; };
		4B6729CB2AFA6D3F0002F7B8 /* Preview Assets.xcassets in Resources */ = {isa = PBXBuildFile; fileRef = 4B6729CA2AFA6D3F0002F7B8 /* Preview Assets.xcassets */; };
		4B6729CD2AFA6D3F0002F7B8 /* Persistence.swift in Sources */ = {isa = PBXBuildFile; fileRef = 4B6729CC2AFA6D3F0002F7B8 /* Persistence.swift */; };
		4B6729D02AFA6D3F0002F7B8 /* resQeats.xcdatamodeld in Sources */ = {isa = PBXBuildFile; fileRef = 4B6729CE2AFA6D3F0002F7B8 /* resQeats.xcdatamodeld */; };
		4B6729DA2AFA6D3F0002F7B8 /* resQeatsTests.swift in Sources */ = {isa = PBXBuildFile; fileRef = 4B6729D92AFA6D3F0002F7B8 /* resQeatsTests.swift */; };
		4B6729E42AFA6D3F0002F7B8 /* resQeatsUITests.swift in Sources */ = {isa = PBXBuildFile; fileRef = 4B6729E32AFA6D3F0002F7B8 /* resQeatsUITests.swift */; };
		4B6729E62AFA6D3F0002F7B8 /* resQeatsUITestsLaunchTests.swift in Sources */ = {isa = PBXBuildFile; fileRef = 4B6729E52AFA6D3F0002F7B8 /* resQeatsUITestsLaunchTests.swift */; };
		4BB3F24E2AFDBDEE0017EAF7 /* Screen2.swift in Sources */ = {isa = PBXBuildFile; fileRef = 4BB3F24D2AFDBDEE0017EAF7 /* Screen2.swift */; };
		4BB3F2522AFDD28D0017EAF7 /* OTPViewModel.swift in Sources */ = {isa = PBXBuildFile; fileRef = 4BB3F2512AFDD28D0017EAF7 /* OTPViewModel.swift */; };
		4BB3F2542AFDD5980017EAF7 /* SendPassword.swift in Sources */ = {isa = PBXBuildFile; fileRef = 4BB3F2532AFDD5980017EAF7 /* SendPassword.swift */; };
		4BCDF69C2AFA84BB00C86716 /* signUp.swift in Sources */ = {isa = PBXBuildFile; fileRef = 4BCDF69B2AFA84BB00C86716 /* signUp.swift */; };
		4BCDF69E2AFA869300C86716 /* login.swift in Sources */ = {isa = PBXBuildFile; fileRef = 4BCDF69D2AFA869300C86716 /* login.swift */; };
		4BCDF6A42AFAB32400C86716 /* Launch Screen.swift in Sources */ = {isa = PBXBuildFile; fileRef = 4BCDF6A32AFAB32400C86716 /* Launch Screen.swift */; };
		4BCDF6A62AFABD3900C86716 /* Screen1.swift in Sources */ = {isa = PBXBuildFile; fileRef = 4BCDF6A52AFABD3900C86716 /* Screen1.swift */; };
/* End PBXBuildFile section */

/* Begin PBXContainerItemProxy section */
		4B6729D62AFA6D3F0002F7B8 /* PBXContainerItemProxy */ = {
			isa = PBXContainerItemProxy;
			containerPortal = 4B6729B82AFA6D3E0002F7B8 /* Project object */;
			proxyType = 1;
			remoteGlobalIDString = 4B6729BF2AFA6D3E0002F7B8;
			remoteInfo = resQeats;
		};
		4B6729E02AFA6D3F0002F7B8 /* PBXContainerItemProxy */ = {
			isa = PBXContainerItemProxy;
			containerPortal = 4B6729B82AFA6D3E0002F7B8 /* Project object */;
			proxyType = 1;
			remoteGlobalIDString = 4B6729BF2AFA6D3E0002F7B8;
			remoteInfo = resQeats;
		};
/* End PBXContainerItemProxy section */

/* Begin PBXFileReference section */
		4B0AE2BC2AFD4ADE0020608B /* map.swift */ = {isa = PBXFileReference; lastKnownFileType = sourcecode.swift; path = map.swift; sourceTree = "<group>"; };
		4B0AE2BE2AFD60030020608B /* LocationDetailsView.swift */ = {isa = PBXFileReference; lastKnownFileType = sourcecode.swift; path = LocationDetailsView.swift; sourceTree = "<group>"; };
		4B2AF2932AFB73E000F3DE2D /* Screen3.swift */ = {isa = PBXFileReference; lastKnownFileType = sourcecode.swift; path = Screen3.swift; sourceTree = "<group>"; };
		4B2AF2972AFB80F400F3DE2D /* loginCreateAccount.swift */ = {isa = PBXFileReference; lastKnownFileType = sourcecode.swift; path = loginCreateAccount.swift; sourceTree = "<group>"; };
		4B2AF2A32AFBF85200F3DE2D /* Login.swift */ = {isa = PBXFileReference; lastKnownFileType = sourcecode.swift; path = Login.swift; sourceTree = "<group>"; };
		4B2AF2A52AFC1C0B00F3DE2D /* ResetPassword.swift */ = {isa = PBXFileReference; lastKnownFileType = sourcecode.swift; path = ResetPassword.swift; sourceTree = "<group>"; };
		4B2AF2A92AFC5E1100F3DE2D /* NewPassword.swift */ = {isa = PBXFileReference; lastKnownFileType = sourcecode.swift; path = NewPassword.swift; sourceTree = "<group>"; };
		4B2AF2AB2AFC649800F3DE2D /* signup.swift */ = {isa = PBXFileReference; lastKnownFileType = sourcecode.swift; path = signup.swift; sourceTree = "<group>"; };
		4B2AF2AD2AFCBC7500F3DE2D /* signUp1.swift */ = {isa = PBXFileReference; lastKnownFileType = sourcecode.swift; path = signUp1.swift; sourceTree = "<group>"; };
		4B2AF2AF2AFCF8A700F3DE2D /* sugnUp2.swift */ = {isa = PBXFileReference; lastKnownFileType = sourcecode.swift; path = sugnUp2.swift; sourceTree = "<group>"; };
		4B6729C02AFA6D3E0002F7B8 /* resQeats.app */ = {isa = PBXFileReference; explicitFileType = wrapper.application; includeInIndex = 0; path = resQeats.app; sourceTree = BUILT_PRODUCTS_DIR; };
		4B6729C32AFA6D3E0002F7B8 /* resQeatsApp.swift */ = {isa = PBXFileReference; lastKnownFileType = sourcecode.swift; path = resQeatsApp.swift; sourceTree = "<group>"; };
		4B6729C52AFA6D3E0002F7B8 /* ContentView.swift */ = {isa = PBXFileReference; lastKnownFileType = sourcecode.swift; path = ContentView.swift; sourceTree = "<group>"; };
		4B6729C72AFA6D3F0002F7B8 /* Assets.xcassets */ = {isa = PBXFileReference; lastKnownFileType = folder.assetcatalog; path = Assets.xcassets; sourceTree = "<group>"; };
		4B6729CA2AFA6D3F0002F7B8 /* Preview Assets.xcassets */ = {isa = PBXFileReference; lastKnownFileType = folder.assetcatalog; path = "Preview Assets.xcassets"; sourceTree = "<group>"; };
		4B6729CC2AFA6D3F0002F7B8 /* Persistence.swift */ = {isa = PBXFileReference; lastKnownFileType = sourcecode.swift; path = Persistence.swift; sourceTree = "<group>"; };
		4B6729CF2AFA6D3F0002F7B8 /* resQeats.xcdatamodel */ = {isa = PBXFileReference; lastKnownFileType = wrapper.xcdatamodel; path = resQeats.xcdatamodel; sourceTree = "<group>"; };
		4B6729D52AFA6D3F0002F7B8 /* resQeatsTests.xctest */ = {isa = PBXFileReference; explicitFileType = wrapper.cfbundle; includeInIndex = 0; path = resQeatsTests.xctest; sourceTree = BUILT_PRODUCTS_DIR; };
		4B6729D92AFA6D3F0002F7B8 /* resQeatsTests.swift */ = {isa = PBXFileReference; lastKnownFileType = sourcecode.swift; path = resQeatsTests.swift; sourceTree = "<group>"; };
		4B6729DF2AFA6D3F0002F7B8 /* resQeatsUITests.xctest */ = {isa = PBXFileReference; explicitFileType = wrapper.cfbundle; includeInIndex = 0; path = resQeatsUITests.xctest; sourceTree = BUILT_PRODUCTS_DIR; };
		4B6729E32AFA6D3F0002F7B8 /* resQeatsUITests.swift */ = {isa = PBXFileReference; lastKnownFileType = sourcecode.swift; path = resQeatsUITests.swift; sourceTree = "<group>"; };
		4B6729E52AFA6D3F0002F7B8 /* resQeatsUITestsLaunchTests.swift */ = {isa = PBXFileReference; lastKnownFileType = sourcecode.swift; path = resQeatsUITestsLaunchTests.swift; sourceTree = "<group>"; };
		4BB3F24D2AFDBDEE0017EAF7 /* Screen2.swift */ = {isa = PBXFileReference; lastKnownFileType = sourcecode.swift; path = Screen2.swift; sourceTree = "<group>"; };
		4BB3F2512AFDD28D0017EAF7 /* OTPViewModel.swift */ = {isa = PBXFileReference; lastKnownFileType = sourcecode.swift; path = OTPViewModel.swift; sourceTree = "<group>"; };
		4BB3F2532AFDD5980017EAF7 /* SendPassword.swift */ = {isa = PBXFileReference; lastKnownFileType = sourcecode.swift; path = SendPassword.swift; sourceTree = "<group>"; };
		4BCDF69B2AFA84BB00C86716 /* signUp.swift */ = {isa = PBXFileReference; lastKnownFileType = sourcecode.swift; path = signUp.swift; sourceTree = "<group>"; };
		4BCDF69D2AFA869300C86716 /* login.swift */ = {isa = PBXFileReference; lastKnownFileType = sourcecode.swift; path = login.swift; sourceTree = "<group>"; };
		4BCDF6A32AFAB32400C86716 /* Launch Screen.swift */ = {isa = PBXFileReference; lastKnownFileType = sourcecode.swift; path = "Launch Screen.swift"; sourceTree = "<group>"; };
		4BCDF6A52AFABD3900C86716 /* Screen1.swift */ = {isa = PBXFileReference; lastKnownFileType = sourcecode.swift; path = Screen1.swift; sourceTree = "<group>"; };
/* End PBXFileReference section */

/* Begin PBXFrameworksBuildPhase section */
		4B6729BD2AFA6D3E0002F7B8 /* Frameworks */ = {
			isa = PBXFrameworksBuildPhase;
			buildActionMask = 2147483647;
			files = (
			);
			runOnlyForDeploymentPostprocessing = 0;
		};
		4B6729D22AFA6D3F0002F7B8 /* Frameworks */ = {
			isa = PBXFrameworksBuildPhase;
			buildActionMask = 2147483647;
			files = (
			);
			runOnlyForDeploymentPostprocessing = 0;
		};
		4B6729DC2AFA6D3F0002F7B8 /* Frameworks */ = {
			isa = PBXFrameworksBuildPhase;
			buildActionMask = 2147483647;
			files = (
			);
			runOnlyForDeploymentPostprocessing = 0;
		};
/* End PBXFrameworksBuildPhase section */

/* Begin PBXGroup section */
		4B6729B72AFA6D3E0002F7B8 = {
			isa = PBXGroup;
			children = (
				4B6729C22AFA6D3E0002F7B8 /* resQeats */,
				4B6729D82AFA6D3F0002F7B8 /* resQeatsTests */,
				4B6729E22AFA6D3F0002F7B8 /* resQeatsUITests */,
				4B6729C12AFA6D3E0002F7B8 /* Products */,
			);
			sourceTree = "<group>";
		};
		4B6729C12AFA6D3E0002F7B8 /* Products */ = {
			isa = PBXGroup;
			children = (
				4B6729C02AFA6D3E0002F7B8 /* resQeats.app */,
				4B6729D52AFA6D3F0002F7B8 /* resQeatsTests.xctest */,
				4B6729DF2AFA6D3F0002F7B8 /* resQeatsUITests.xctest */,
			);
			name = Products;
			sourceTree = "<group>";
		};
		4B6729C22AFA6D3E0002F7B8 /* resQeats */ = {
			isa = PBXGroup;
			children = (
				4BCDF69A2AFA847100C86716 /* View */,
				4BCDF6972AFA836F00C86716 /* Model */,
				4BCA30072AFDA1B200B9DE7B /* ViewModel */,
				4B6729C32AFA6D3E0002F7B8 /* resQeatsApp.swift */,
				4B6729C72AFA6D3F0002F7B8 /* Assets.xcassets */,
				4B6729CC2AFA6D3F0002F7B8 /* Persistence.swift */,
				4B6729CE2AFA6D3F0002F7B8 /* resQeats.xcdatamodeld */,
				4B6729C92AFA6D3F0002F7B8 /* Preview Content */,
			);
			path = resQeats;
			sourceTree = "<group>";
		};
		4B6729C92AFA6D3F0002F7B8 /* Preview Content */ = {
			isa = PBXGroup;
			children = (
				4B6729CA2AFA6D3F0002F7B8 /* Preview Assets.xcassets */,
			);
			path = "Preview Content";
			sourceTree = "<group>";
		};
		4B6729D82AFA6D3F0002F7B8 /* resQeatsTests */ = {
			isa = PBXGroup;
			children = (
				4B6729D92AFA6D3F0002F7B8 /* resQeatsTests.swift */,
			);
			path = resQeatsTests;
			sourceTree = "<group>";
		};
		4B6729E22AFA6D3F0002F7B8 /* resQeatsUITests */ = {
			isa = PBXGroup;
			children = (
				4B6729E32AFA6D3F0002F7B8 /* resQeatsUITests.swift */,
				4B6729E52AFA6D3F0002F7B8 /* resQeatsUITestsLaunchTests.swift */,
			);
			path = resQeatsUITests;
			sourceTree = "<group>";
		};
		4BCA30072AFDA1B200B9DE7B /* ViewModel */ = {
			isa = PBXGroup;
			children = (
				4BB3F2512AFDD28D0017EAF7 /* OTPViewModel.swift */,
			);
			path = ViewModel;
			sourceTree = "<group>";
		};
		4BCDF6972AFA836F00C86716 /* Model */ = {
			isa = PBXGroup;
			children = (
				4BCDF69B2AFA84BB00C86716 /* signUp.swift */,
				4BCDF69D2AFA869300C86716 /* login.swift */,
			);
			path = Model;
			sourceTree = "<group>";
		};
		4BCDF69A2AFA847100C86716 /* View */ = {
			isa = PBXGroup;
			children = (
				4B6729C52AFA6D3E0002F7B8 /* ContentView.swift */,
				4BCDF6A32AFAB32400C86716 /* Launch Screen.swift */,
				4BCDF6A52AFABD3900C86716 /* Screen1.swift */,
				4BB3F24D2AFDBDEE0017EAF7 /* Screen2.swift */,
				4B2AF2932AFB73E000F3DE2D /* Screen3.swift */,
				4B2AF2972AFB80F400F3DE2D /* loginCreateAccount.swift */,
				4B2AF2A32AFBF85200F3DE2D /* Login.swift */,
				4B2AF2A52AFC1C0B00F3DE2D /* ResetPassword.swift */,
				4B2AF2A92AFC5E1100F3DE2D /* NewPassword.swift */,
				4B2AF2AB2AFC649800F3DE2D /* signup.swift */,
				4B2AF2AD2AFCBC7500F3DE2D /* signUp1.swift */,
				4B2AF2AF2AFCF8A700F3DE2D /* sugnUp2.swift */,
				4B0AE2BC2AFD4ADE0020608B /* map.swift */,
				4B0AE2BE2AFD60030020608B /* LocationDetailsView.swift */,
				4BB3F2532AFDD5980017EAF7 /* SendPassword.swift */,
			);
			path = View;
			sourceTree = "<group>";
		};
/* End PBXGroup section */

/* Begin PBXNativeTarget section */
		4B6729BF2AFA6D3E0002F7B8 /* resQeats */ = {
			isa = PBXNativeTarget;
			buildConfigurationList = 4B6729E92AFA6D3F0002F7B8 /* Build configuration list for PBXNativeTarget "resQeats" */;
			buildPhases = (
				4B6729BC2AFA6D3E0002F7B8 /* Sources */,
				4B6729BD2AFA6D3E0002F7B8 /* Frameworks */,
				4B6729BE2AFA6D3E0002F7B8 /* Resources */,
			);
			buildRules = (
			);
			dependencies = (
			);
			name = resQeats;
			productName = resQeats;
			productReference = 4B6729C02AFA6D3E0002F7B8 /* resQeats.app */;
			productType = "com.apple.product-type.application";
		};
		4B6729D42AFA6D3F0002F7B8 /* resQeatsTests */ = {
			isa = PBXNativeTarget;
			buildConfigurationList = 4B6729EC2AFA6D3F0002F7B8 /* Build configuration list for PBXNativeTarget "resQeatsTests" */;
			buildPhases = (
				4B6729D12AFA6D3F0002F7B8 /* Sources */,
				4B6729D22AFA6D3F0002F7B8 /* Frameworks */,
				4B6729D32AFA6D3F0002F7B8 /* Resources */,
			);
			buildRules = (
			);
			dependencies = (
				4B6729D72AFA6D3F0002F7B8 /* PBXTargetDependency */,
			);
			name = resQeatsTests;
			productName = resQeatsTests;
			productReference = 4B6729D52AFA6D3F0002F7B8 /* resQeatsTests.xctest */;
			productType = "com.apple.product-type.bundle.unit-test";
		};
		4B6729DE2AFA6D3F0002F7B8 /* resQeatsUITests */ = {
			isa = PBXNativeTarget;
			buildConfigurationList = 4B6729EF2AFA6D3F0002F7B8 /* Build configuration list for PBXNativeTarget "resQeatsUITests" */;
			buildPhases = (
				4B6729DB2AFA6D3F0002F7B8 /* Sources */,
				4B6729DC2AFA6D3F0002F7B8 /* Frameworks */,
				4B6729DD2AFA6D3F0002F7B8 /* Resources */,
			);
			buildRules = (
			);
			dependencies = (
				4B6729E12AFA6D3F0002F7B8 /* PBXTargetDependency */,
			);
			name = resQeatsUITests;
			productName = resQeatsUITests;
			productReference = 4B6729DF2AFA6D3F0002F7B8 /* resQeatsUITests.xctest */;
			productType = "com.apple.product-type.bundle.ui-testing";
		};
/* End PBXNativeTarget section */

/* Begin PBXProject section */
		4B6729B82AFA6D3E0002F7B8 /* Project object */ = {
			isa = PBXProject;
			attributes = {
				BuildIndependentTargetsInParallel = 1;
				LastSwiftUpdateCheck = 1500;
				LastUpgradeCheck = 1500;
				TargetAttributes = {
					4B6729BF2AFA6D3E0002F7B8 = {
						CreatedOnToolsVersion = 15.0;
					};
					4B6729D42AFA6D3F0002F7B8 = {
						CreatedOnToolsVersion = 15.0;
						TestTargetID = 4B6729BF2AFA6D3E0002F7B8;
					};
					4B6729DE2AFA6D3F0002F7B8 = {
						CreatedOnToolsVersion = 15.0;
						TestTargetID = 4B6729BF2AFA6D3E0002F7B8;
					};
				};
			};
			buildConfigurationList = 4B6729BB2AFA6D3E0002F7B8 /* Build configuration list for PBXProject "resQeats" */;
			compatibilityVersion = "Xcode 14.0";
			developmentRegion = en;
			hasScannedForEncodings = 0;
			knownRegions = (
				en,
				Base,
			);
			mainGroup = 4B6729B72AFA6D3E0002F7B8;
			productRefGroup = 4B6729C12AFA6D3E0002F7B8 /* Products */;
			projectDirPath = "";
			projectRoot = "";
			targets = (
				4B6729BF2AFA6D3E0002F7B8 /* resQeats */,
				4B6729D42AFA6D3F0002F7B8 /* resQeatsTests */,
				4B6729DE2AFA6D3F0002F7B8 /* resQeatsUITests */,
			);
		};
/* End PBXProject section */

/* Begin PBXResourcesBuildPhase section */
		4B6729BE2AFA6D3E0002F7B8 /* Resources */ = {
			isa = PBXResourcesBuildPhase;
			buildActionMask = 2147483647;
			files = (
				4B6729CB2AFA6D3F0002F7B8 /* Preview Assets.xcassets in Resources */,
				4B6729C82AFA6D3F0002F7B8 /* Assets.xcassets in Resources */,
			);
			runOnlyForDeploymentPostprocessing = 0;
		};
		4B6729D32AFA6D3F0002F7B8 /* Resources */ = {
			isa = PBXResourcesBuildPhase;
			buildActionMask = 2147483647;
			files = (
			);
			runOnlyForDeploymentPostprocessing = 0;
		};
		4B6729DD2AFA6D3F0002F7B8 /* Resources */ = {
			isa = PBXResourcesBuildPhase;
			buildActionMask = 2147483647;
			files = (
			);
			runOnlyForDeploymentPostprocessing = 0;
		};
/* End PBXResourcesBuildPhase section */

/* Begin PBXSourcesBuildPhase section */
		4B6729BC2AFA6D3E0002F7B8 /* Sources */ = {
			isa = PBXSourcesBuildPhase;
			buildActionMask = 2147483647;
			files = (
				4B2AF2982AFB80F400F3DE2D /* loginCreateAccount.swift in Sources */,
				4B0AE2BD2AFD4ADE0020608B /* map.swift in Sources */,
				4BCDF6A42AFAB32400C86716 /* Launch Screen.swift in Sources */,
				4B2AF2B02AFCF8A700F3DE2D /* sugnUp2.swift in Sources */,
				4B2AF2942AFB73E000F3DE2D /* Screen3.swift in Sources */,
				4B2AF2A42AFBF85200F3DE2D /* Login.swift in Sources */,
				4BB3F24E2AFDBDEE0017EAF7 /* Screen2.swift in Sources */,
				4B2AF2AE2AFCBC7500F3DE2D /* signUp1.swift in Sources */,
				4BCDF6A62AFABD3900C86716 /* Screen1.swift in Sources */,
				4BCDF69C2AFA84BB00C86716 /* signUp.swift in Sources */,
				4BCDF69E2AFA869300C86716 /* login.swift in Sources */,
				4B0AE2BF2AFD60030020608B /* LocationDetailsView.swift in Sources */,
				4B2AF2AA2AFC5E1100F3DE2D /* NewPassword.swift in Sources */,
				4B6729CD2AFA6D3F0002F7B8 /* Persistence.swift in Sources */,
				4B2AF2A62AFC1C0B00F3DE2D /* ResetPassword.swift in Sources */,
				4B6729D02AFA6D3F0002F7B8 /* resQeats.xcdatamodeld in Sources */,
				4B2AF2AC2AFC649800F3DE2D /* signup.swift in Sources */,
				4B6729C62AFA6D3E0002F7B8 /* ContentView.swift in Sources */,
				4BB3F2542AFDD5980017EAF7 /* SendPassword.swift in Sources */,
				4B6729C42AFA6D3E0002F7B8 /* resQeatsApp.swift in Sources */,
				4BB3F2522AFDD28D0017EAF7 /* OTPViewModel.swift in Sources */,
			);
			runOnlyForDeploymentPostprocessing = 0;
		};
		4B6729D12AFA6D3F0002F7B8 /* Sources */ = {
			isa = PBXSourcesBuildPhase;
			buildActionMask = 2147483647;
			files = (
				4B6729DA2AFA6D3F0002F7B8 /* resQeatsTests.swift in Sources */,
			);
			runOnlyForDeploymentPostprocessing = 0;
		};
		4B6729DB2AFA6D3F0002F7B8 /* Sources */ = {
			isa = PBXSourcesBuildPhase;
			buildActionMask = 2147483647;
			files = (
				4B6729E62AFA6D3F0002F7B8 /* resQeatsUITestsLaunchTests.swift in Sources */,
				4B6729E42AFA6D3F0002F7B8 /* resQeatsUITests.swift in Sources */,
			);
			runOnlyForDeploymentPostprocessing = 0;
		};
/* End PBXSourcesBuildPhase section */

/* Begin PBXTargetDependency section */
		4B6729D72AFA6D3F0002F7B8 /* PBXTargetDependency */ = {
			isa = PBXTargetDependency;
			target = 4B6729BF2AFA6D3E0002F7B8 /* resQeats */;
			targetProxy = 4B6729D62AFA6D3F0002F7B8 /* PBXContainerItemProxy */;
		};
		4B6729E12AFA6D3F0002F7B8 /* PBXTargetDependency */ = {
			isa = PBXTargetDependency;
			target = 4B6729BF2AFA6D3E0002F7B8 /* resQeats */;
			targetProxy = 4B6729E02AFA6D3F0002F7B8 /* PBXContainerItemProxy */;
		};
/* End PBXTargetDependency section */

/* Begin XCBuildConfiguration section */
		4B6729E72AFA6D3F0002F7B8 /* Debug */ = {
			isa = XCBuildConfiguration;
			buildSettings = {
				ALWAYS_SEARCH_USER_PATHS = NO;
				ASSETCATALOG_COMPILER_GENERATE_SWIFT_ASSET_SYMBOL_EXTENSIONS = YES;
				CLANG_ANALYZER_NONNULL = YES;
				CLANG_ANALYZER_NUMBER_OBJECT_CONVERSION = YES_AGGRESSIVE;
				CLANG_CXX_LANGUAGE_STANDARD = "gnu++20";
				CLANG_ENABLE_MODULES = YES;
				CLANG_ENABLE_OBJC_ARC = YES;
				CLANG_ENABLE_OBJC_WEAK = YES;
				CLANG_WARN_BLOCK_CAPTURE_AUTORELEASING = YES;
				CLANG_WARN_BOOL_CONVERSION = YES;
				CLANG_WARN_COMMA = YES;
				CLANG_WARN_CONSTANT_CONVERSION = YES;
				CLANG_WARN_DEPRECATED_OBJC_IMPLEMENTATIONS = YES;
				CLANG_WARN_DIRECT_OBJC_ISA_USAGE = YES_ERROR;
				CLANG_WARN_DOCUMENTATION_COMMENTS = YES;
				CLANG_WARN_EMPTY_BODY = YES;
				CLANG_WARN_ENUM_CONVERSION = YES;
				CLANG_WARN_INFINITE_RECURSION = YES;
				CLANG_WARN_INT_CONVERSION = YES;
				CLANG_WARN_NON_LITERAL_NULL_CONVERSION = YES;
				CLANG_WARN_OBJC_IMPLICIT_RETAIN_SELF = YES;
				CLANG_WARN_OBJC_LITERAL_CONVERSION = YES;
				CLANG_WARN_OBJC_ROOT_CLASS = YES_ERROR;
				CLANG_WARN_QUOTED_INCLUDE_IN_FRAMEWORK_HEADER = YES;
				CLANG_WARN_RANGE_LOOP_ANALYSIS = YES;
				CLANG_WARN_STRICT_PROTOTYPES = YES;
				CLANG_WARN_SUSPICIOUS_MOVE = YES;
				CLANG_WARN_UNGUARDED_AVAILABILITY = YES_AGGRESSIVE;
				CLANG_WARN_UNREACHABLE_CODE = YES;
				CLANG_WARN__DUPLICATE_METHOD_MATCH = YES;
				COPY_PHASE_STRIP = NO;
				DEBUG_INFORMATION_FORMAT = dwarf;
				ENABLE_STRICT_OBJC_MSGSEND = YES;
				ENABLE_TESTABILITY = YES;
				ENABLE_USER_SCRIPT_SANDBOXING = YES;
				GCC_C_LANGUAGE_STANDARD = gnu17;
				GCC_DYNAMIC_NO_PIC = NO;
				GCC_NO_COMMON_BLOCKS = YES;
				GCC_OPTIMIZATION_LEVEL = 0;
				GCC_PREPROCESSOR_DEFINITIONS = (
					"DEBUG=1",
					"$(inherited)",
				);
				GCC_WARN_64_TO_32_BIT_CONVERSION = YES;
				GCC_WARN_ABOUT_RETURN_TYPE = YES_ERROR;
				GCC_WARN_UNDECLARED_SELECTOR = YES;
				GCC_WARN_UNINITIALIZED_AUTOS = YES_AGGRESSIVE;
				GCC_WARN_UNUSED_FUNCTION = YES;
				GCC_WARN_UNUSED_VARIABLE = YES;
				IPHONEOS_DEPLOYMENT_TARGET = 17.0;
				LOCALIZATION_PREFERS_STRING_CATALOGS = YES;
				MTL_ENABLE_DEBUG_INFO = INCLUDE_SOURCE;
				MTL_FAST_MATH = YES;
				ONLY_ACTIVE_ARCH = YES;
				SDKROOT = iphoneos;
				SWIFT_ACTIVE_COMPILATION_CONDITIONS = "DEBUG $(inherited)";
				SWIFT_OPTIMIZATION_LEVEL = "-Onone";
			};
			name = Debug;
		};
		4B6729E82AFA6D3F0002F7B8 /* Release */ = {
			isa = XCBuildConfiguration;
			buildSettings = {
				ALWAYS_SEARCH_USER_PATHS = NO;
				ASSETCATALOG_COMPILER_GENERATE_SWIFT_ASSET_SYMBOL_EXTENSIONS = YES;
				CLANG_ANALYZER_NONNULL = YES;
				CLANG_ANALYZER_NUMBER_OBJECT_CONVERSION = YES_AGGRESSIVE;
				CLANG_CXX_LANGUAGE_STANDARD = "gnu++20";
				CLANG_ENABLE_MODULES = YES;
				CLANG_ENABLE_OBJC_ARC = YES;
				CLANG_ENABLE_OBJC_WEAK = YES;
				CLANG_WARN_BLOCK_CAPTURE_AUTORELEASING = YES;
				CLANG_WARN_BOOL_CONVERSION = YES;
				CLANG_WARN_COMMA = YES;
				CLANG_WARN_CONSTANT_CONVERSION = YES;
				CLANG_WARN_DEPRECATED_OBJC_IMPLEMENTATIONS = YES;
				CLANG_WARN_DIRECT_OBJC_ISA_USAGE = YES_ERROR;
				CLANG_WARN_DOCUMENTATION_COMMENTS = YES;
				CLANG_WARN_EMPTY_BODY = YES;
				CLANG_WARN_ENUM_CONVERSION = YES;
				CLANG_WARN_INFINITE_RECURSION = YES;
				CLANG_WARN_INT_CONVERSION = YES;
				CLANG_WARN_NON_LITERAL_NULL_CONVERSION = YES;
				CLANG_WARN_OBJC_IMPLICIT_RETAIN_SELF = YES;
				CLANG_WARN_OBJC_LITERAL_CONVERSION = YES;
				CLANG_WARN_OBJC_ROOT_CLASS = YES_ERROR;
				CLANG_WARN_QUOTED_INCLUDE_IN_FRAMEWORK_HEADER = YES;
				CLANG_WARN_RANGE_LOOP_ANALYSIS = YES;
				CLANG_WARN_STRICT_PROTOTYPES = YES;
				CLANG_WARN_SUSPICIOUS_MOVE = YES;
				CLANG_WARN_UNGUARDED_AVAILABILITY = YES_AGGRESSIVE;
				CLANG_WARN_UNREACHABLE_CODE = YES;
				CLANG_WARN__DUPLICATE_METHOD_MATCH = YES;
				COPY_PHASE_STRIP = NO;
				DEBUG_INFORMATION_FORMAT = "dwarf-with-dsym";
				ENABLE_NS_ASSERTIONS = NO;
				ENABLE_STRICT_OBJC_MSGSEND = YES;
				ENABLE_USER_SCRIPT_SANDBOXING = YES;
				GCC_C_LANGUAGE_STANDARD = gnu17;
				GCC_NO_COMMON_BLOCKS = YES;
				GCC_WARN_64_TO_32_BIT_CONVERSION = YES;
				GCC_WARN_ABOUT_RETURN_TYPE = YES_ERROR;
				GCC_WARN_UNDECLARED_SELECTOR = YES;
				GCC_WARN_UNINITIALIZED_AUTOS = YES_AGGRESSIVE;
				GCC_WARN_UNUSED_FUNCTION = YES;
				GCC_WARN_UNUSED_VARIABLE = YES;
				IPHONEOS_DEPLOYMENT_TARGET = 17.0;
				LOCALIZATION_PREFERS_STRING_CATALOGS = YES;
				MTL_ENABLE_DEBUG_INFO = NO;
				MTL_FAST_MATH = YES;
				SDKROOT = iphoneos;
				SWIFT_COMPILATION_MODE = wholemodule;
				VALIDATE_PRODUCT = YES;
			};
			name = Release;
		};
		4B6729EA2AFA6D3F0002F7B8 /* Debug */ = {
			isa = XCBuildConfiguration;
			buildSettings = {
				ASSETCATALOG_COMPILER_APPICON_NAME = AppIcon;
				ASSETCATALOG_COMPILER_GLOBAL_ACCENT_COLOR_NAME = AccentColor;
				CODE_SIGN_STYLE = Automatic;
				CURRENT_PROJECT_VERSION = 1;
				DEVELOPMENT_ASSET_PATHS = "\"resQeats/Preview Content\"";
				ENABLE_PREVIEWS = YES;
				GENERATE_INFOPLIST_FILE = YES;
				INFOPLIST_KEY_UIApplicationSceneManifest_Generation = YES;
				INFOPLIST_KEY_UIApplicationSupportsIndirectInputEvents = YES;
				INFOPLIST_KEY_UILaunchScreen_Generation = YES;
				INFOPLIST_KEY_UILaunchStoryboardName = Assets;
				INFOPLIST_KEY_UISupportedInterfaceOrientations_iPad = "UIInterfaceOrientationPortrait UIInterfaceOrientationPortraitUpsideDown UIInterfaceOrientationLandscapeLeft UIInterfaceOrientationLandscapeRight";
				INFOPLIST_KEY_UISupportedInterfaceOrientations_iPhone = "UIInterfaceOrientationPortrait UIInterfaceOrientationLandscapeLeft UIInterfaceOrientationLandscapeRight";
				LD_RUNPATH_SEARCH_PATHS = (
					"$(inherited)",
					"@executable_path/Frameworks",
				);
				MARKETING_VERSION = 1.0;
				PRODUCT_BUNDLE_IDENTIFIER = IOS.kooli.resQeats;
				PRODUCT_NAME = "$(TARGET_NAME)";
				SWIFT_EMIT_LOC_STRINGS = YES;
				SWIFT_VERSION = 5.0;
				TARGETED_DEVICE_FAMILY = "1,2";
			};
			name = Debug;
		};
		4B6729EB2AFA6D3F0002F7B8 /* Release */ = {
			isa = XCBuildConfiguration;
			buildSettings = {
				ASSETCATALOG_COMPILER_APPICON_NAME = AppIcon;
				ASSETCATALOG_COMPILER_GLOBAL_ACCENT_COLOR_NAME = AccentColor;
				CODE_SIGN_STYLE = Automatic;
				CURRENT_PROJECT_VERSION = 1;
				DEVELOPMENT_ASSET_PATHS = "\"resQeats/Preview Content\"";
				ENABLE_PREVIEWS = YES;
				GENERATE_INFOPLIST_FILE = YES;
				INFOPLIST_KEY_UIApplicationSceneManifest_Generation = YES;
				INFOPLIST_KEY_UIApplicationSupportsIndirectInputEvents = YES;
				INFOPLIST_KEY_UILaunchScreen_Generation = YES;
				INFOPLIST_KEY_UILaunchStoryboardName = Assets;
				INFOPLIST_KEY_UISupportedInterfaceOrientations_iPad = "UIInterfaceOrientationPortrait UIInterfaceOrientationPortraitUpsideDown UIInterfaceOrientationLandscapeLeft UIInterfaceOrientationLandscapeRight";
				INFOPLIST_KEY_UISupportedInterfaceOrientations_iPhone = "UIInterfaceOrientationPortrait UIInterfaceOrientationLandscapeLeft UIInterfaceOrientationLandscapeRight";
				LD_RUNPATH_SEARCH_PATHS = (
					"$(inherited)",
					"@executable_path/Frameworks",
				);
				MARKETING_VERSION = 1.0;
				PRODUCT_BUNDLE_IDENTIFIER = IOS.kooli.resQeats;
				PRODUCT_NAME = "$(TARGET_NAME)";
				SWIFT_EMIT_LOC_STRINGS = YES;
				SWIFT_VERSION = 5.0;
				TARGETED_DEVICE_FAMILY = "1,2";
			};
			name = Release;
		};
		4B6729ED2AFA6D3F0002F7B8 /* Debug */ = {
			isa = XCBuildConfiguration;
			buildSettings = {
				ALWAYS_EMBED_SWIFT_STANDARD_LIBRARIES = YES;
				BUNDLE_LOADER = "$(TEST_HOST)";
				CODE_SIGN_STYLE = Automatic;
				CURRENT_PROJECT_VERSION = 1;
				GENERATE_INFOPLIST_FILE = YES;
				IPHONEOS_DEPLOYMENT_TARGET = 17.0;
				MARKETING_VERSION = 1.0;
				PRODUCT_BUNDLE_IDENTIFIER = IOS.kooli.resQeatsTests;
				PRODUCT_NAME = "$(TARGET_NAME)";
				SWIFT_EMIT_LOC_STRINGS = NO;
				SWIFT_VERSION = 5.0;
				TARGETED_DEVICE_FAMILY = "1,2";
				TEST_HOST = "$(BUILT_PRODUCTS_DIR)/resQeats.app/$(BUNDLE_EXECUTABLE_FOLDER_PATH)/resQeats";
			};
			name = Debug;
		};
		4B6729EE2AFA6D3F0002F7B8 /* Release */ = {
			isa = XCBuildConfiguration;
			buildSettings = {
				ALWAYS_EMBED_SWIFT_STANDARD_LIBRARIES = YES;
				BUNDLE_LOADER = "$(TEST_HOST)";
				CODE_SIGN_STYLE = Automatic;
				CURRENT_PROJECT_VERSION = 1;
				GENERATE_INFOPLIST_FILE = YES;
				IPHONEOS_DEPLOYMENT_TARGET = 17.0;
				MARKETING_VERSION = 1.0;
				PRODUCT_BUNDLE_IDENTIFIER = IOS.kooli.resQeatsTests;
				PRODUCT_NAME = "$(TARGET_NAME)";
				SWIFT_EMIT_LOC_STRINGS = NO;
				SWIFT_VERSION = 5.0;
				TARGETED_DEVICE_FAMILY = "1,2";
				TEST_HOST = "$(BUILT_PRODUCTS_DIR)/resQeats.app/$(BUNDLE_EXECUTABLE_FOLDER_PATH)/resQeats";
			};
			name = Release;
		};
		4B6729F02AFA6D3F0002F7B8 /* Debug */ = {
			isa = XCBuildConfiguration;
			buildSettings = {
				ALWAYS_EMBED_SWIFT_STANDARD_LIBRARIES = YES;
				CODE_SIGN_STYLE = Automatic;
				CURRENT_PROJECT_VERSION = 1;
				GENERATE_INFOPLIST_FILE = YES;
				MARKETING_VERSION = 1.0;
				PRODUCT_BUNDLE_IDENTIFIER = IOS.kooli.resQeatsUITests;
				PRODUCT_NAME = "$(TARGET_NAME)";
				SWIFT_EMIT_LOC_STRINGS = NO;
				SWIFT_VERSION = 5.0;
				TARGETED_DEVICE_FAMILY = "1,2";
				TEST_TARGET_NAME = resQeats;
			};
			name = Debug;
		};
		4B6729F12AFA6D3F0002F7B8 /* Release */ = {
			isa = XCBuildConfiguration;
			buildSettings = {
				ALWAYS_EMBED_SWIFT_STANDARD_LIBRARIES = YES;
				CODE_SIGN_STYLE = Automatic;
				CURRENT_PROJECT_VERSION = 1;
				GENERATE_INFOPLIST_FILE = YES;
				MARKETING_VERSION = 1.0;
				PRODUCT_BUNDLE_IDENTIFIER = IOS.kooli.resQeatsUITests;
				PRODUCT_NAME = "$(TARGET_NAME)";
				SWIFT_EMIT_LOC_STRINGS = NO;
				SWIFT_VERSION = 5.0;
				TARGETED_DEVICE_FAMILY = "1,2";
				TEST_TARGET_NAME = resQeats;
			};
			name = Release;
		};
/* End XCBuildConfiguration section */

/* Begin XCConfigurationList section */
		4B6729BB2AFA6D3E0002F7B8 /* Build configuration list for PBXProject "resQeats" */ = {
			isa = XCConfigurationList;
			buildConfigurations = (
				4B6729E72AFA6D3F0002F7B8 /* Debug */,
				4B6729E82AFA6D3F0002F7B8 /* Release */,
			);
			defaultConfigurationIsVisible = 0;
			defaultConfigurationName = Release;
		};
		4B6729E92AFA6D3F0002F7B8 /* Build configuration list for PBXNativeTarget "resQeats" */ = {
			isa = XCConfigurationList;
			buildConfigurations = (
				4B6729EA2AFA6D3F0002F7B8 /* Debug */,
				4B6729EB2AFA6D3F0002F7B8 /* Release */,
			);
			defaultConfigurationIsVisible = 0;
			defaultConfigurationName = Release;
		};
		4B6729EC2AFA6D3F0002F7B8 /* Build configuration list for PBXNativeTarget "resQeatsTests" */ = {
			isa = XCConfigurationList;
			buildConfigurations = (
				4B6729ED2AFA6D3F0002F7B8 /* Debug */,
				4B6729EE2AFA6D3F0002F7B8 /* Release */,
			);
			defaultConfigurationIsVisible = 0;
			defaultConfigurationName = Release;
		};
		4B6729EF2AFA6D3F0002F7B8 /* Build configuration list for PBXNativeTarget "resQeatsUITests" */ = {
			isa = XCConfigurationList;
			buildConfigurations = (
				4B6729F02AFA6D3F0002F7B8 /* Debug */,
				4B6729F12AFA6D3F0002F7B8 /* Release */,
			);
			defaultConfigurationIsVisible = 0;
			defaultConfigurationName = Release;
		};
/* End XCConfigurationList section */

/* Begin XCVersionGroup section */
		4B6729CE2AFA6D3F0002F7B8 /* resQeats.xcdatamodeld */ = {
			isa = XCVersionGroup;
			children = (
				4B6729CF2AFA6D3F0002F7B8 /* resQeats.xcdatamodel */,
			);
			currentVersion = 4B6729CF2AFA6D3F0002F7B8 /* resQeats.xcdatamodel */;
			path = resQeats.xcdatamodeld;
			sourceTree = "<group>";
			versionGroupType = wrapper.xcdatamodel;
		};
/* End XCVersionGroup section */
	};
	rootObject = 4B6729B82AFA6D3E0002F7B8 /* Project object */;
}
